// !$*UTF8*$!
{
	archiveVersion = 1;
	classes = {
	};
	objectVersion = 50;
	objects = {

/* Begin PBXBuildFile section */
		84133A892687F04500EACD6A /* AppDelegate.swift in Sources */ = {isa = PBXBuildFile; fileRef = 84133A882687F04500EACD6A /* AppDelegate.swift */; };
		84133A932687F04500EACD6A /* FinalProject.xcdatamodeld in Sources */ = {isa = PBXBuildFile; fileRef = 84133A912687F04500EACD6A /* FinalProject.xcdatamodeld */; };
		84133A952687F04900EACD6A /* Assets.xcassets in Resources */ = {isa = PBXBuildFile; fileRef = 84133A942687F04900EACD6A /* Assets.xcassets */; };
		84133A982687F04900EACD6A /* LaunchScreen.storyboard in Resources */ = {isa = PBXBuildFile; fileRef = 84133A962687F04900EACD6A /* LaunchScreen.storyboard */; };
		84133AA32687F04900EACD6A /* FinalProjectTests.swift in Sources */ = {isa = PBXBuildFile; fileRef = 84133AA22687F04900EACD6A /* FinalProjectTests.swift */; };
		84133AAE2687F04900EACD6A /* FinalProjectUITests.swift in Sources */ = {isa = PBXBuildFile; fileRef = 84133AAD2687F04900EACD6A /* FinalProjectUITests.swift */; };
		842A8DC826AA7508008BA670 /* Photo+CoreDataClass.swift in Sources */ = {isa = PBXBuildFile; fileRef = 842A8DC626AA7508008BA670 /* Photo+CoreDataClass.swift */; };
		842A8DC926AA7508008BA670 /* Photo+CoreDataProperties.swift in Sources */ = {isa = PBXBuildFile; fileRef = 842A8DC726AA7508008BA670 /* Photo+CoreDataProperties.swift */; };
		842A8DD226AA7773008BA670 /* CoreDataStack.swift in Sources */ = {isa = PBXBuildFile; fileRef = 842A8DD126AA7773008BA670 /* CoreDataStack.swift */; };
		842A8DD726AA7D75008BA670 /* Container.swift in Sources */ = {isa = PBXBuildFile; fileRef = 842A8DD626AA7D75008BA670 /* Container.swift */; };
		842A8DDC26AA8407008BA670 /* PhotoToPhotoModel.swift in Sources */ = {isa = PBXBuildFile; fileRef = 842A8DDB26AA8407008BA670 /* PhotoToPhotoModel.swift */; };
		842A8E2226AD1DFA008BA670 /* BottomSheetContainerViewController.swift in Sources */ = {isa = PBXBuildFile; fileRef = 842A8E2126AD1DF9008BA670 /* BottomSheetContainerViewController.swift */; };
		842A8E2C26AE1891008BA670 /* ConverterPhoto.swift in Sources */ = {isa = PBXBuildFile; fileRef = 842A8E2B26AE1891008BA670 /* ConverterPhoto.swift */; };
		842A8E3426AE2732008BA670 /* CustomFavoriteLayout.swift in Sources */ = {isa = PBXBuildFile; fileRef = 842A8E3326AE2732008BA670 /* CustomFavoriteLayout.swift */; };
		842A8E3F26AE631F008BA670 /* FinalTabBarController.swift in Sources */ = {isa = PBXBuildFile; fileRef = 842A8E3E26AE631E008BA670 /* FinalTabBarController.swift */; };
		842A8E4D26AF21A3008BA670 /* FavoritePhotoViewController.swift in Sources */ = {isa = PBXBuildFile; fileRef = 842A8E4C26AF21A3008BA670 /* FavoritePhotoViewController.swift */; };
		84AD8410269E701D00CAF493 /* NetworkConstants.swift in Sources */ = {isa = PBXBuildFile; fileRef = 84AD840F269E701D00CAF493 /* NetworkConstants.swift */; };
		84AD841526A0C2C200CAF493 /* NetworkServiceError.swift in Sources */ = {isa = PBXBuildFile; fileRef = 84AD841426A0C2C200CAF493 /* NetworkServiceError.swift */; };
		84AD841B26A0D1AD00CAF493 /* GetPhotosResponse.swift in Sources */ = {isa = PBXBuildFile; fileRef = 84AD841A26A0D1AD00CAF493 /* GetPhotosResponse.swift */; };
		84AD842026A0EB6D00CAF493 /* PhotoNetworkServiceProtocol.swift in Sources */ = {isa = PBXBuildFile; fileRef = 84AD841F26A0EB6D00CAF493 /* PhotoNetworkServiceProtocol.swift */; };
		84AD842B26A1245A00CAF493 /* Cursor.swift in Sources */ = {isa = PBXBuildFile; fileRef = 84AD842A26A1245A00CAF493 /* Cursor.swift */; };
		84AD843326A26C5D00CAF493 /* AuthorizationViewController.swift in Sources */ = {isa = PBXBuildFile; fileRef = 84AD843226A26C5D00CAF493 /* AuthorizationViewController.swift */; };
		84AD843826A26CD200CAF493 /* FavoriteViewController.swift in Sources */ = {isa = PBXBuildFile; fileRef = 84AD843726A26CD200CAF493 /* FavoriteViewController.swift */; };
		84AD843D26A26D3B00CAF493 /* ProfileViewController.swift in Sources */ = {isa = PBXBuildFile; fileRef = 84AD843C26A26D3B00CAF493 /* ProfileViewController.swift */; };
		84AD844826A3BEC300CAF493 /* FavoriteModel.swift in Sources */ = {isa = PBXBuildFile; fileRef = 84AD844726A3BEC300CAF493 /* FavoriteModel.swift */; };
		84AD844D26A404AB00CAF493 /* AuthorizationModel.swift in Sources */ = {isa = PBXBuildFile; fileRef = 84AD844C26A404AB00CAF493 /* AuthorizationModel.swift */; };
		84AD845926A68FF100CAF493 /* UsersStorageService.swift in Sources */ = {isa = PBXBuildFile; fileRef = 84AD845826A68FF100CAF493 /* UsersStorageService.swift */; };
		84AD845E26A6948900CAF493 /* UsersProfiles.swift in Sources */ = {isa = PBXBuildFile; fileRef = 84AD845D26A6948900CAF493 /* UsersProfiles.swift */; };
		84DD68862695F198007842CD /* MainViewController.swift in Sources */ = {isa = PBXBuildFile; fileRef = 84DD68852695F198007842CD /* MainViewController.swift */; };
		84DD688B2695F255007842CD /* MainViewDelegate.swift in Sources */ = {isa = PBXBuildFile; fileRef = 84DD688A2695F255007842CD /* MainViewDelegate.swift */; };
		84DD68902695F9A2007842CD /* MainView.swift in Sources */ = {isa = PBXBuildFile; fileRef = 84DD688F2695F9A2007842CD /* MainView.swift */; };
		84DD68A62696EA87007842CD /* PhotoCellView.swift in Sources */ = {isa = PBXBuildFile; fileRef = 84DD68A52696EA87007842CD /* PhotoCellView.swift */; };
		84DD68AE2696F13E007842CD /* PhotoModel.swift in Sources */ = {isa = PBXBuildFile; fileRef = 84DD68AD2696F13E007842CD /* PhotoModel.swift */; };
		84DD68B626979117007842CD /* CustomMainLayout.swift in Sources */ = {isa = PBXBuildFile; fileRef = 84DD68B526979117007842CD /* CustomMainLayout.swift */; };
		84DD6990269BD155007842CD /* MainPhotoViewController.swift in Sources */ = {isa = PBXBuildFile; fileRef = 84DD698F269BD155007842CD /* MainPhotoViewController.swift */; };
		84DD6995269BD3C0007842CD /* DConstans.swift in Sources */ = {isa = PBXBuildFile; fileRef = 84DD6994269BD3C0007842CD /* DConstans.swift */; };
		84DD699A269C0882007842CD /* PhotoView.swift in Sources */ = {isa = PBXBuildFile; fileRef = 84DD6999269C0882007842CD /* PhotoView.swift */; };
		84DD69AA269D37ED007842CD /* NetworkService.swift in Sources */ = {isa = PBXBuildFile; fileRef = 84DD69A9269D37ED007842CD /* NetworkService.swift */; };
		84DD69B7269E0912007842CD /* PhotoSearchController.swift in Sources */ = {isa = PBXBuildFile; fileRef = 84DD69B6269E0912007842CD /* PhotoSearchController.swift */; };
/* End PBXBuildFile section */

/* Begin PBXContainerItemProxy section */
		84133A9F2687F04900EACD6A /* PBXContainerItemProxy */ = {
			isa = PBXContainerItemProxy;
			containerPortal = 84133A7D2687F04500EACD6A /* Project object */;
			proxyType = 1;
			remoteGlobalIDString = 84133A842687F04500EACD6A;
			remoteInfo = FinalProject;
		};
		84133AAA2687F04900EACD6A /* PBXContainerItemProxy */ = {
			isa = PBXContainerItemProxy;
			containerPortal = 84133A7D2687F04500EACD6A /* Project object */;
			proxyType = 1;
			remoteGlobalIDString = 84133A842687F04500EACD6A;
			remoteInfo = FinalProject;
		};
/* End PBXContainerItemProxy section */

/* Begin PBXFileReference section */
		84133A852687F04500EACD6A /* FinalProject.app */ = {isa = PBXFileReference; explicitFileType = wrapper.application; includeInIndex = 0; path = FinalProject.app; sourceTree = BUILT_PRODUCTS_DIR; };
		84133A882687F04500EACD6A /* AppDelegate.swift */ = {isa = PBXFileReference; lastKnownFileType = sourcecode.swift; path = AppDelegate.swift; sourceTree = "<group>"; };
		84133A922687F04500EACD6A /* FinalProject.xcdatamodel */ = {isa = PBXFileReference; lastKnownFileType = wrapper.xcdatamodel; path = FinalProject.xcdatamodel; sourceTree = "<group>"; };
		84133A942687F04900EACD6A /* Assets.xcassets */ = {isa = PBXFileReference; lastKnownFileType = folder.assetcatalog; path = Assets.xcassets; sourceTree = "<group>"; };
		84133A972687F04900EACD6A /* Base */ = {isa = PBXFileReference; lastKnownFileType = file.storyboard; name = Base; path = Base.lproj/LaunchScreen.storyboard; sourceTree = "<group>"; };
		84133A992687F04900EACD6A /* Info.plist */ = {isa = PBXFileReference; lastKnownFileType = text.plist.xml; path = Info.plist; sourceTree = "<group>"; };
		84133A9E2687F04900EACD6A /* FinalProjectTests.xctest */ = {isa = PBXFileReference; explicitFileType = wrapper.cfbundle; includeInIndex = 0; path = FinalProjectTests.xctest; sourceTree = BUILT_PRODUCTS_DIR; };
		84133AA22687F04900EACD6A /* FinalProjectTests.swift */ = {isa = PBXFileReference; lastKnownFileType = sourcecode.swift; path = FinalProjectTests.swift; sourceTree = "<group>"; };
		84133AA42687F04900EACD6A /* Info.plist */ = {isa = PBXFileReference; lastKnownFileType = text.plist.xml; path = Info.plist; sourceTree = "<group>"; };
		84133AA92687F04900EACD6A /* FinalProjectUITests.xctest */ = {isa = PBXFileReference; explicitFileType = wrapper.cfbundle; includeInIndex = 0; path = FinalProjectUITests.xctest; sourceTree = BUILT_PRODUCTS_DIR; };
		84133AAD2687F04900EACD6A /* FinalProjectUITests.swift */ = {isa = PBXFileReference; lastKnownFileType = sourcecode.swift; path = FinalProjectUITests.swift; sourceTree = "<group>"; };
		84133AAF2687F04900EACD6A /* Info.plist */ = {isa = PBXFileReference; lastKnownFileType = text.plist.xml; path = Info.plist; sourceTree = "<group>"; };
		842A8DC626AA7508008BA670 /* Photo+CoreDataClass.swift */ = {isa = PBXFileReference; lastKnownFileType = sourcecode.swift; path = "Photo+CoreDataClass.swift"; sourceTree = "<group>"; };
		842A8DC726AA7508008BA670 /* Photo+CoreDataProperties.swift */ = {isa = PBXFileReference; lastKnownFileType = sourcecode.swift; path = "Photo+CoreDataProperties.swift"; sourceTree = "<group>"; };
		842A8DD126AA7773008BA670 /* CoreDataStack.swift */ = {isa = PBXFileReference; lastKnownFileType = sourcecode.swift; path = CoreDataStack.swift; sourceTree = "<group>"; };
		842A8DD626AA7D75008BA670 /* Container.swift */ = {isa = PBXFileReference; lastKnownFileType = sourcecode.swift; path = Container.swift; sourceTree = "<group>"; };
		842A8DDB26AA8407008BA670 /* PhotoToPhotoModel.swift */ = {isa = PBXFileReference; lastKnownFileType = sourcecode.swift; path = PhotoToPhotoModel.swift; sourceTree = "<group>"; };
		842A8E2126AD1DF9008BA670 /* BottomSheetContainerViewController.swift */ = {isa = PBXFileReference; lastKnownFileType = sourcecode.swift; path = BottomSheetContainerViewController.swift; sourceTree = "<group>"; };
		842A8E2B26AE1891008BA670 /* ConverterPhoto.swift */ = {isa = PBXFileReference; lastKnownFileType = sourcecode.swift; path = ConverterPhoto.swift; sourceTree = "<group>"; };
		842A8E3326AE2732008BA670 /* CustomFavoriteLayout.swift */ = {isa = PBXFileReference; lastKnownFileType = sourcecode.swift; path = CustomFavoriteLayout.swift; sourceTree = "<group>"; };
		842A8E3E26AE631E008BA670 /* FinalTabBarController.swift */ = {isa = PBXFileReference; lastKnownFileType = sourcecode.swift; path = FinalTabBarController.swift; sourceTree = "<group>"; };
		842A8E4C26AF21A3008BA670 /* FavoritePhotoViewController.swift */ = {isa = PBXFileReference; lastKnownFileType = sourcecode.swift; path = FavoritePhotoViewController.swift; sourceTree = "<group>"; };
		84AD840F269E701D00CAF493 /* NetworkConstants.swift */ = {isa = PBXFileReference; lastKnownFileType = sourcecode.swift; path = NetworkConstants.swift; sourceTree = "<group>"; };
		84AD841426A0C2C200CAF493 /* NetworkServiceError.swift */ = {isa = PBXFileReference; lastKnownFileType = sourcecode.swift; path = NetworkServiceError.swift; sourceTree = "<group>"; };
		84AD841A26A0D1AD00CAF493 /* GetPhotosResponse.swift */ = {isa = PBXFileReference; lastKnownFileType = sourcecode.swift; path = GetPhotosResponse.swift; sourceTree = "<group>"; };
		84AD841F26A0EB6D00CAF493 /* PhotoNetworkServiceProtocol.swift */ = {isa = PBXFileReference; lastKnownFileType = sourcecode.swift; path = PhotoNetworkServiceProtocol.swift; sourceTree = "<group>"; };
		84AD842A26A1245A00CAF493 /* Cursor.swift */ = {isa = PBXFileReference; lastKnownFileType = sourcecode.swift; path = Cursor.swift; sourceTree = "<group>"; };
		84AD843226A26C5D00CAF493 /* AuthorizationViewController.swift */ = {isa = PBXFileReference; lastKnownFileType = sourcecode.swift; path = AuthorizationViewController.swift; sourceTree = "<group>"; };
		84AD843726A26CD200CAF493 /* FavoriteViewController.swift */ = {isa = PBXFileReference; lastKnownFileType = sourcecode.swift; path = FavoriteViewController.swift; sourceTree = "<group>"; };
		84AD843C26A26D3B00CAF493 /* ProfileViewController.swift */ = {isa = PBXFileReference; lastKnownFileType = sourcecode.swift; path = ProfileViewController.swift; sourceTree = "<group>"; };
		84AD844726A3BEC300CAF493 /* FavoriteModel.swift */ = {isa = PBXFileReference; lastKnownFileType = sourcecode.swift; path = FavoriteModel.swift; sourceTree = "<group>"; };
		84AD844C26A404AB00CAF493 /* AuthorizationModel.swift */ = {isa = PBXFileReference; lastKnownFileType = sourcecode.swift; path = AuthorizationModel.swift; sourceTree = "<group>"; };
		84AD845826A68FF100CAF493 /* UsersStorageService.swift */ = {isa = PBXFileReference; lastKnownFileType = sourcecode.swift; path = UsersStorageService.swift; sourceTree = "<group>"; };
		84AD845D26A6948900CAF493 /* UsersProfiles.swift */ = {isa = PBXFileReference; lastKnownFileType = sourcecode.swift; path = UsersProfiles.swift; sourceTree = "<group>"; };
		84DD68852695F198007842CD /* MainViewController.swift */ = {isa = PBXFileReference; lastKnownFileType = sourcecode.swift; path = MainViewController.swift; sourceTree = "<group>"; };
		84DD688A2695F255007842CD /* MainViewDelegate.swift */ = {isa = PBXFileReference; lastKnownFileType = sourcecode.swift; path = MainViewDelegate.swift; sourceTree = "<group>"; };
		84DD688F2695F9A2007842CD /* MainView.swift */ = {isa = PBXFileReference; lastKnownFileType = sourcecode.swift; path = MainView.swift; sourceTree = "<group>"; };
		84DD68A52696EA87007842CD /* PhotoCellView.swift */ = {isa = PBXFileReference; lastKnownFileType = sourcecode.swift; path = PhotoCellView.swift; sourceTree = "<group>"; };
		84DD68AD2696F13E007842CD /* PhotoModel.swift */ = {isa = PBXFileReference; lastKnownFileType = sourcecode.swift; path = PhotoModel.swift; sourceTree = "<group>"; };
		84DD68B526979117007842CD /* CustomMainLayout.swift */ = {isa = PBXFileReference; lastKnownFileType = sourcecode.swift; path = CustomMainLayout.swift; sourceTree = "<group>"; };
		84DD698F269BD155007842CD /* MainPhotoViewController.swift */ = {isa = PBXFileReference; lastKnownFileType = sourcecode.swift; path = MainPhotoViewController.swift; sourceTree = "<group>"; };
		84DD6994269BD3C0007842CD /* DConstans.swift */ = {isa = PBXFileReference; lastKnownFileType = sourcecode.swift; path = DConstans.swift; sourceTree = "<group>"; };
		84DD6999269C0882007842CD /* PhotoView.swift */ = {isa = PBXFileReference; lastKnownFileType = sourcecode.swift; path = PhotoView.swift; sourceTree = "<group>"; };
		84DD69A9269D37ED007842CD /* NetworkService.swift */ = {isa = PBXFileReference; lastKnownFileType = sourcecode.swift; path = NetworkService.swift; sourceTree = "<group>"; };
		84DD69B6269E0912007842CD /* PhotoSearchController.swift */ = {isa = PBXFileReference; lastKnownFileType = sourcecode.swift; path = PhotoSearchController.swift; sourceTree = "<group>"; };
/* End PBXFileReference section */

/* Begin PBXFrameworksBuildPhase section */
		84133A822687F04500EACD6A /* Frameworks */ = {
			isa = PBXFrameworksBuildPhase;
			buildActionMask = 2147483647;
			files = (
			);
			runOnlyForDeploymentPostprocessing = 0;
		};
		84133A9B2687F04900EACD6A /* Frameworks */ = {
			isa = PBXFrameworksBuildPhase;
			buildActionMask = 2147483647;
			files = (
			);
			runOnlyForDeploymentPostprocessing = 0;
		};
		84133AA62687F04900EACD6A /* Frameworks */ = {
			isa = PBXFrameworksBuildPhase;
			buildActionMask = 2147483647;
			files = (
			);
			runOnlyForDeploymentPostprocessing = 0;
		};
/* End PBXFrameworksBuildPhase section */

/* Begin PBXGroup section */
		84133A7C2687F04500EACD6A = {
			isa = PBXGroup;
			children = (
				84133A872687F04500EACD6A /* FinalProject */,
				84133AA12687F04900EACD6A /* FinalProjectTests */,
				84133AAC2687F04900EACD6A /* FinalProjectUITests */,
				84133A862687F04500EACD6A /* Products */,
			);
			sourceTree = "<group>";
		};
		84133A862687F04500EACD6A /* Products */ = {
			isa = PBXGroup;
			children = (
				84133A852687F04500EACD6A /* FinalProject.app */,
				84133A9E2687F04900EACD6A /* FinalProjectTests.xctest */,
				84133AA92687F04900EACD6A /* FinalProjectUITests.xctest */,
			);
			name = Products;
			sourceTree = "<group>";
		};
		84133A872687F04500EACD6A /* FinalProject */ = {
			isa = PBXGroup;
			children = (
				842A8DD026AA775B008BA670 /* CoreData */,
				84DD69A4269C9FFE007842CD /* Network */,
				84133AC52687F20600EACD6A /* Model */,
				84133AC62687F20C00EACD6A /* View */,
				84133AC72687F21400EACD6A /* Controller */,
				84133A882687F04500EACD6A /* AppDelegate.swift */,
				84133A942687F04900EACD6A /* Assets.xcassets */,
				84133A962687F04900EACD6A /* LaunchScreen.storyboard */,
				84133A992687F04900EACD6A /* Info.plist */,
				84133A912687F04500EACD6A /* FinalProject.xcdatamodeld */,
				842A8DDB26AA8407008BA670 /* PhotoToPhotoModel.swift */,
			);
			path = FinalProject;
			sourceTree = "<group>";
		};
		84133AA12687F04900EACD6A /* FinalProjectTests */ = {
			isa = PBXGroup;
			children = (
				84133AA22687F04900EACD6A /* FinalProjectTests.swift */,
				84133AA42687F04900EACD6A /* Info.plist */,
			);
			path = FinalProjectTests;
			sourceTree = "<group>";
		};
		84133AAC2687F04900EACD6A /* FinalProjectUITests */ = {
			isa = PBXGroup;
			children = (
				84133AAD2687F04900EACD6A /* FinalProjectUITests.swift */,
				84133AAF2687F04900EACD6A /* Info.plist */,
			);
			path = FinalProjectUITests;
			sourceTree = "<group>";
		};
		84133AC52687F20600EACD6A /* Model */ = {
			isa = PBXGroup;
			children = (
				84DD688A2695F255007842CD /* MainViewDelegate.swift */,
				84DD68AD2696F13E007842CD /* PhotoModel.swift */,
				84DD6994269BD3C0007842CD /* DConstans.swift */,
				84AD844726A3BEC300CAF493 /* FavoriteModel.swift */,
				84AD844C26A404AB00CAF493 /* AuthorizationModel.swift */,
				84AD845826A68FF100CAF493 /* UsersStorageService.swift */,
				84AD845D26A6948900CAF493 /* UsersProfiles.swift */,
			);
			path = Model;
			sourceTree = "<group>";
		};
		84133AC62687F20C00EACD6A /* View */ = {
			isa = PBXGroup;
			children = (
				84DD688F2695F9A2007842CD /* MainView.swift */,
				84DD68A52696EA87007842CD /* PhotoCellView.swift */,
				84DD68B526979117007842CD /* CustomMainLayout.swift */,
				84DD6999269C0882007842CD /* PhotoView.swift */,
				842A8E3326AE2732008BA670 /* CustomFavoriteLayout.swift */,
			);
			path = View;
			sourceTree = "<group>";
		};
		84133AC72687F21400EACD6A /* Controller */ = {
			isa = PBXGroup;
			children = (
				84DD68852695F198007842CD /* MainViewController.swift */,
				84DD698F269BD155007842CD /* MainPhotoViewController.swift */,
				84DD69B6269E0912007842CD /* PhotoSearchController.swift */,
				84AD843226A26C5D00CAF493 /* AuthorizationViewController.swift */,
				84AD843726A26CD200CAF493 /* FavoriteViewController.swift */,
				842A8E4C26AF21A3008BA670 /* FavoritePhotoViewController.swift */,
				842A8E2B26AE1891008BA670 /* ConverterPhoto.swift */,
				84AD843C26A26D3B00CAF493 /* ProfileViewController.swift */,
				842A8E2126AD1DF9008BA670 /* BottomSheetContainerViewController.swift */,
				842A8E3E26AE631E008BA670 /* FinalTabBarController.swift */,
			);
			path = Controller;
			sourceTree = "<group>";
		};
		842A8DD026AA775B008BA670 /* CoreData */ = {
			isa = PBXGroup;
			children = (
				842A8DC626AA7508008BA670 /* Photo+CoreDataClass.swift */,
				842A8DC726AA7508008BA670 /* Photo+CoreDataProperties.swift */,
				842A8DD126AA7773008BA670 /* CoreDataStack.swift */,
				842A8DD626AA7D75008BA670 /* Container.swift */,
			);
			path = CoreData;
			sourceTree = "<group>";
		};
		84DD69A4269C9FFE007842CD /* Network */ = {
			isa = PBXGroup;
			children = (
				84AD840F269E701D00CAF493 /* NetworkConstants.swift */,
				84AD841F26A0EB6D00CAF493 /* PhotoNetworkServiceProtocol.swift */,
				84DD69A9269D37ED007842CD /* NetworkService.swift */,
				84AD841A26A0D1AD00CAF493 /* GetPhotosResponse.swift */,
				84AD841426A0C2C200CAF493 /* NetworkServiceError.swift */,
				84AD842A26A1245A00CAF493 /* Cursor.swift */,
			);
			path = Network;
			sourceTree = "<group>";
		};
/* End PBXGroup section */

/* Begin PBXNativeTarget section */
		84133A842687F04500EACD6A /* FinalProject */ = {
			isa = PBXNativeTarget;
			buildConfigurationList = 84133AB22687F04900EACD6A /* Build configuration list for PBXNativeTarget "FinalProject" */;
			buildPhases = (
				84133A812687F04500EACD6A /* Sources */,
				84133A822687F04500EACD6A /* Frameworks */,
				84133A832687F04500EACD6A /* Resources */,
			);
			buildRules = (
			);
			dependencies = (
			);
			name = FinalProject;
			productName = FinalProject;
			productReference = 84133A852687F04500EACD6A /* FinalProject.app */;
			productType = "com.apple.product-type.application";
		};
		84133A9D2687F04900EACD6A /* FinalProjectTests */ = {
			isa = PBXNativeTarget;
			buildConfigurationList = 84133AB52687F04900EACD6A /* Build configuration list for PBXNativeTarget "FinalProjectTests" */;
			buildPhases = (
				84133A9A2687F04900EACD6A /* Sources */,
				84133A9B2687F04900EACD6A /* Frameworks */,
				84133A9C2687F04900EACD6A /* Resources */,
			);
			buildRules = (
			);
			dependencies = (
				84133AA02687F04900EACD6A /* PBXTargetDependency */,
			);
			name = FinalProjectTests;
			productName = FinalProjectTests;
			productReference = 84133A9E2687F04900EACD6A /* FinalProjectTests.xctest */;
			productType = "com.apple.product-type.bundle.unit-test";
		};
		84133AA82687F04900EACD6A /* FinalProjectUITests */ = {
			isa = PBXNativeTarget;
			buildConfigurationList = 84133AB82687F04900EACD6A /* Build configuration list for PBXNativeTarget "FinalProjectUITests" */;
			buildPhases = (
				84133AA52687F04900EACD6A /* Sources */,
				84133AA62687F04900EACD6A /* Frameworks */,
				84133AA72687F04900EACD6A /* Resources */,
			);
			buildRules = (
			);
			dependencies = (
				84133AAB2687F04900EACD6A /* PBXTargetDependency */,
			);
			name = FinalProjectUITests;
			productName = FinalProjectUITests;
			productReference = 84133AA92687F04900EACD6A /* FinalProjectUITests.xctest */;
			productType = "com.apple.product-type.bundle.ui-testing";
		};
/* End PBXNativeTarget section */

/* Begin PBXProject section */
		84133A7D2687F04500EACD6A /* Project object */ = {
			isa = PBXProject;
			attributes = {
				LastSwiftUpdateCheck = 1240;
				LastUpgradeCheck = 1240;
				TargetAttributes = {
					84133A842687F04500EACD6A = {
						CreatedOnToolsVersion = 12.4;
					};
					84133A9D2687F04900EACD6A = {
						CreatedOnToolsVersion = 12.4;
					};
					84133AA82687F04900EACD6A = {
						CreatedOnToolsVersion = 12.4;
						TestTargetID = 84133A842687F04500EACD6A;
					};
				};
			};
			buildConfigurationList = 84133A802687F04500EACD6A /* Build configuration list for PBXProject "FinalProject" */;
			compatibilityVersion = "Xcode 9.3";
			developmentRegion = en;
			hasScannedForEncodings = 0;
			knownRegions = (
				en,
				Base,
			);
			mainGroup = 84133A7C2687F04500EACD6A;
			productRefGroup = 84133A862687F04500EACD6A /* Products */;
			projectDirPath = "";
			projectRoot = "";
			targets = (
				84133A842687F04500EACD6A /* FinalProject */,
				84133A9D2687F04900EACD6A /* FinalProjectTests */,
				84133AA82687F04900EACD6A /* FinalProjectUITests */,
			);
		};
/* End PBXProject section */

/* Begin PBXResourcesBuildPhase section */
		84133A832687F04500EACD6A /* Resources */ = {
			isa = PBXResourcesBuildPhase;
			buildActionMask = 2147483647;
			files = (
				84133A982687F04900EACD6A /* LaunchScreen.storyboard in Resources */,
				84133A952687F04900EACD6A /* Assets.xcassets in Resources */,
			);
			runOnlyForDeploymentPostprocessing = 0;
		};
		84133A9C2687F04900EACD6A /* Resources */ = {
			isa = PBXResourcesBuildPhase;
			buildActionMask = 2147483647;
			files = (
			);
			runOnlyForDeploymentPostprocessing = 0;
		};
		84133AA72687F04900EACD6A /* Resources */ = {
			isa = PBXResourcesBuildPhase;
			buildActionMask = 2147483647;
			files = (
			);
			runOnlyForDeploymentPostprocessing = 0;
		};
/* End PBXResourcesBuildPhase section */

/* Begin PBXSourcesBuildPhase section */
		84133A812687F04500EACD6A /* Sources */ = {
			isa = PBXSourcesBuildPhase;
			buildActionMask = 2147483647;
			files = (
				84AD8410269E701D00CAF493 /* NetworkConstants.swift in Sources */,
				84DD68A62696EA87007842CD /* PhotoCellView.swift in Sources */,
				84DD68902695F9A2007842CD /* MainView.swift in Sources */,
				84AD842026A0EB6D00CAF493 /* PhotoNetworkServiceProtocol.swift in Sources */,
				84133A892687F04500EACD6A /* AppDelegate.swift in Sources */,
				842A8DC826AA7508008BA670 /* Photo+CoreDataClass.swift in Sources */,
				842A8E4D26AF21A3008BA670 /* FavoritePhotoViewController.swift in Sources */,
				842A8E2226AD1DFA008BA670 /* BottomSheetContainerViewController.swift in Sources */,
				842A8DD726AA7D75008BA670 /* Container.swift in Sources */,
				842A8E2C26AE1891008BA670 /* ConverterPhoto.swift in Sources */,
				84AD842B26A1245A00CAF493 /* Cursor.swift in Sources */,
				84133A932687F04500EACD6A /* FinalProject.xcdatamodeld in Sources */,
				84AD843326A26C5D00CAF493 /* AuthorizationViewController.swift in Sources */,
				84DD688B2695F255007842CD /* MainViewDelegate.swift in Sources */,
				84AD844826A3BEC300CAF493 /* FavoriteModel.swift in Sources */,
				84DD699A269C0882007842CD /* PhotoView.swift in Sources */,
				84DD69B7269E0912007842CD /* PhotoSearchController.swift in Sources */,
				842A8DC926AA7508008BA670 /* Photo+CoreDataProperties.swift in Sources */,
				842A8E3F26AE631F008BA670 /* FinalTabBarController.swift in Sources */,
				84DD6995269BD3C0007842CD /* DConstans.swift in Sources */,
				84DD6990269BD155007842CD /* MainPhotoViewController.swift in Sources */,
				84AD841526A0C2C200CAF493 /* NetworkServiceError.swift in Sources */,
				84AD843826A26CD200CAF493 /* FavoriteViewController.swift in Sources */,
				84AD844D26A404AB00CAF493 /* AuthorizationModel.swift in Sources */,
				84DD68AE2696F13E007842CD /* PhotoModel.swift in Sources */,
				84DD68B626979117007842CD /* CustomMainLayout.swift in Sources */,
				842A8DDC26AA8407008BA670 /* PhotoToPhotoModel.swift in Sources */,
				84DD69AA269D37ED007842CD /* NetworkService.swift in Sources */,
				84AD845926A68FF100CAF493 /* UsersStorageService.swift in Sources */,
				84AD845E26A6948900CAF493 /* UsersProfiles.swift in Sources */,
				84AD843D26A26D3B00CAF493 /* ProfileViewController.swift in Sources */,
				84AD841B26A0D1AD00CAF493 /* GetPhotosResponse.swift in Sources */,
				84DD68862695F198007842CD /* MainViewController.swift in Sources */,
				842A8E3426AE2732008BA670 /* CustomFavoriteLayout.swift in Sources */,
				842A8DD226AA7773008BA670 /* CoreDataStack.swift in Sources */,
			);
			runOnlyForDeploymentPostprocessing = 0;
		};
		84133A9A2687F04900EACD6A /* Sources */ = {
			isa = PBXSourcesBuildPhase;
			buildActionMask = 2147483647;
			files = (
				84133AA32687F04900EACD6A /* FinalProjectTests.swift in Sources */,
			);
			runOnlyForDeploymentPostprocessing = 0;
		};
		84133AA52687F04900EACD6A /* Sources */ = {
			isa = PBXSourcesBuildPhase;
			buildActionMask = 2147483647;
			files = (
				84133AAE2687F04900EACD6A /* FinalProjectUITests.swift in Sources */,
			);
			runOnlyForDeploymentPostprocessing = 0;
		};
/* End PBXSourcesBuildPhase section */

/* Begin PBXTargetDependency section */
		84133AA02687F04900EACD6A /* PBXTargetDependency */ = {
			isa = PBXTargetDependency;
			target = 84133A842687F04500EACD6A /* FinalProject */;
			targetProxy = 84133A9F2687F04900EACD6A /* PBXContainerItemProxy */;
		};
		84133AAB2687F04900EACD6A /* PBXTargetDependency */ = {
			isa = PBXTargetDependency;
			target = 84133A842687F04500EACD6A /* FinalProject */;
			targetProxy = 84133AAA2687F04900EACD6A /* PBXContainerItemProxy */;
		};
/* End PBXTargetDependency section */

/* Begin PBXVariantGroup section */
		84133A962687F04900EACD6A /* LaunchScreen.storyboard */ = {
			isa = PBXVariantGroup;
			children = (
				84133A972687F04900EACD6A /* Base */,
			);
			name = LaunchScreen.storyboard;
			sourceTree = "<group>";
		};
/* End PBXVariantGroup section */

/* Begin XCBuildConfiguration section */
		84133AB02687F04900EACD6A /* Debug */ = {
			isa = XCBuildConfiguration;
			buildSettings = {
				ALWAYS_SEARCH_USER_PATHS = NO;
				CLANG_ANALYZER_NONNULL = YES;
				CLANG_ANALYZER_NUMBER_OBJECT_CONVERSION = YES_AGGRESSIVE;
				CLANG_CXX_LANGUAGE_STANDARD = "gnu++14";
				CLANG_CXX_LIBRARY = "libc++";
				CLANG_ENABLE_MODULES = YES;
				CLANG_ENABLE_OBJC_ARC = YES;
				CLANG_ENABLE_OBJC_WEAK = YES;
				CLANG_WARN_BLOCK_CAPTURE_AUTORELEASING = YES;
				CLANG_WARN_BOOL_CONVERSION = YES;
				CLANG_WARN_COMMA = YES;
				CLANG_WARN_CONSTANT_CONVERSION = YES;
				CLANG_WARN_DEPRECATED_OBJC_IMPLEMENTATIONS = YES;
				CLANG_WARN_DIRECT_OBJC_ISA_USAGE = YES_ERROR;
				CLANG_WARN_DOCUMENTATION_COMMENTS = YES;
				CLANG_WARN_EMPTY_BODY = YES;
				CLANG_WARN_ENUM_CONVERSION = YES;
				CLANG_WARN_INFINITE_RECURSION = YES;
				CLANG_WARN_INT_CONVERSION = YES;
				CLANG_WARN_NON_LITERAL_NULL_CONVERSION = YES;
				CLANG_WARN_OBJC_IMPLICIT_RETAIN_SELF = YES;
				CLANG_WARN_OBJC_LITERAL_CONVERSION = YES;
				CLANG_WARN_OBJC_ROOT_CLASS = YES_ERROR;
				CLANG_WARN_QUOTED_INCLUDE_IN_FRAMEWORK_HEADER = YES;
				CLANG_WARN_RANGE_LOOP_ANALYSIS = YES;
				CLANG_WARN_STRICT_PROTOTYPES = YES;
				CLANG_WARN_SUSPICIOUS_MOVE = YES;
				CLANG_WARN_UNGUARDED_AVAILABILITY = YES_AGGRESSIVE;
				CLANG_WARN_UNREACHABLE_CODE = YES;
				CLANG_WARN__DUPLICATE_METHOD_MATCH = YES;
				COPY_PHASE_STRIP = NO;
				DEBUG_INFORMATION_FORMAT = dwarf;
				ENABLE_STRICT_OBJC_MSGSEND = YES;
				ENABLE_TESTABILITY = YES;
				GCC_C_LANGUAGE_STANDARD = gnu11;
				GCC_DYNAMIC_NO_PIC = NO;
				GCC_NO_COMMON_BLOCKS = YES;
				GCC_OPTIMIZATION_LEVEL = 0;
				GCC_PREPROCESSOR_DEFINITIONS = (
					"DEBUG=1",
					"$(inherited)",
				);
				GCC_WARN_64_TO_32_BIT_CONVERSION = YES;
				GCC_WARN_ABOUT_RETURN_TYPE = YES_ERROR;
				GCC_WARN_UNDECLARED_SELECTOR = YES;
				GCC_WARN_UNINITIALIZED_AUTOS = YES_AGGRESSIVE;
				GCC_WARN_UNUSED_FUNCTION = YES;
				GCC_WARN_UNUSED_VARIABLE = YES;
				IPHONEOS_DEPLOYMENT_TARGET = 14.4;
				MTL_ENABLE_DEBUG_INFO = INCLUDE_SOURCE;
				MTL_FAST_MATH = YES;
				ONLY_ACTIVE_ARCH = YES;
				SDKROOT = iphoneos;
				SWIFT_ACTIVE_COMPILATION_CONDITIONS = DEBUG;
				SWIFT_OPTIMIZATION_LEVEL = "-Onone";
			};
			name = Debug;
		};
		84133AB12687F04900EACD6A /* Release */ = {
			isa = XCBuildConfiguration;
			buildSettings = {
				ALWAYS_SEARCH_USER_PATHS = NO;
				CLANG_ANALYZER_NONNULL = YES;
				CLANG_ANALYZER_NUMBER_OBJECT_CONVERSION = YES_AGGRESSIVE;
				CLANG_CXX_LANGUAGE_STANDARD = "gnu++14";
				CLANG_CXX_LIBRARY = "libc++";
				CLANG_ENABLE_MODULES = YES;
				CLANG_ENABLE_OBJC_ARC = YES;
				CLANG_ENABLE_OBJC_WEAK = YES;
				CLANG_WARN_BLOCK_CAPTURE_AUTORELEASING = YES;
				CLANG_WARN_BOOL_CONVERSION = YES;
				CLANG_WARN_COMMA = YES;
				CLANG_WARN_CONSTANT_CONVERSION = YES;
				CLANG_WARN_DEPRECATED_OBJC_IMPLEMENTATIONS = YES;
				CLANG_WARN_DIRECT_OBJC_ISA_USAGE = YES_ERROR;
				CLANG_WARN_DOCUMENTATION_COMMENTS = YES;
				CLANG_WARN_EMPTY_BODY = YES;
				CLANG_WARN_ENUM_CONVERSION = YES;
				CLANG_WARN_INFINITE_RECURSION = YES;
				CLANG_WARN_INT_CONVERSION = YES;
				CLANG_WARN_NON_LITERAL_NULL_CONVERSION = YES;
				CLANG_WARN_OBJC_IMPLICIT_RETAIN_SELF = YES;
				CLANG_WARN_OBJC_LITERAL_CONVERSION = YES;
				CLANG_WARN_OBJC_ROOT_CLASS = YES_ERROR;
				CLANG_WARN_QUOTED_INCLUDE_IN_FRAMEWORK_HEADER = YES;
				CLANG_WARN_RANGE_LOOP_ANALYSIS = YES;
				CLANG_WARN_STRICT_PROTOTYPES = YES;
				CLANG_WARN_SUSPICIOUS_MOVE = YES;
				CLANG_WARN_UNGUARDED_AVAILABILITY = YES_AGGRESSIVE;
				CLANG_WARN_UNREACHABLE_CODE = YES;
				CLANG_WARN__DUPLICATE_METHOD_MATCH = YES;
				COPY_PHASE_STRIP = NO;
				DEBUG_INFORMATION_FORMAT = "dwarf-with-dsym";
				ENABLE_NS_ASSERTIONS = NO;
				ENABLE_STRICT_OBJC_MSGSEND = YES;
				GCC_C_LANGUAGE_STANDARD = gnu11;
				GCC_NO_COMMON_BLOCKS = YES;
				GCC_WARN_64_TO_32_BIT_CONVERSION = YES;
				GCC_WARN_ABOUT_RETURN_TYPE = YES_ERROR;
				GCC_WARN_UNDECLARED_SELECTOR = YES;
				GCC_WARN_UNINITIALIZED_AUTOS = YES_AGGRESSIVE;
				GCC_WARN_UNUSED_FUNCTION = YES;
				GCC_WARN_UNUSED_VARIABLE = YES;
				IPHONEOS_DEPLOYMENT_TARGET = 14.4;
				MTL_ENABLE_DEBUG_INFO = NO;
				MTL_FAST_MATH = YES;
				SDKROOT = iphoneos;
				SWIFT_COMPILATION_MODE = wholemodule;
				SWIFT_OPTIMIZATION_LEVEL = "-O";
				VALIDATE_PRODUCT = YES;
			};
			name = Release;
		};
		84133AB32687F04900EACD6A /* Debug */ = {
			isa = XCBuildConfiguration;
			buildSettings = {
				ASSETCATALOG_COMPILER_APPICON_NAME = AppIcon;
				ASSETCATALOG_COMPILER_GLOBAL_ACCENT_COLOR_NAME = AccentColor;
				CODE_SIGN_STYLE = Automatic;
				DEVELOPMENT_TEAM = CGDWWS583F;
				INFOPLIST_FILE = FinalProject/Info.plist;
				IPHONEOS_DEPLOYMENT_TARGET = 13.0;
				LD_RUNPATH_SEARCH_PATHS = (
					"$(inherited)",
					"@executable_path/Frameworks",
				);
				PRODUCT_BUNDLE_IDENTIFIER = "anton-incorporated.FinalProject";
				PRODUCT_NAME = "$(TARGET_NAME)";
				SWIFT_VERSION = 5.0;
				TARGETED_DEVICE_FAMILY = "1,2";
			};
			name = Debug;
		};
		84133AB42687F04900EACD6A /* Release */ = {
			isa = XCBuildConfiguration;
			buildSettings = {
				ASSETCATALOG_COMPILER_APPICON_NAME = AppIcon;
				ASSETCATALOG_COMPILER_GLOBAL_ACCENT_COLOR_NAME = AccentColor;
				CODE_SIGN_STYLE = Automatic;
				DEVELOPMENT_TEAM = CGDWWS583F;
				INFOPLIST_FILE = FinalProject/Info.plist;
				IPHONEOS_DEPLOYMENT_TARGET = 13.0;
				LD_RUNPATH_SEARCH_PATHS = (
					"$(inherited)",
					"@executable_path/Frameworks",
				);
				PRODUCT_BUNDLE_IDENTIFIER = "anton-incorporated.FinalProject";
				PRODUCT_NAME = "$(TARGET_NAME)";
				SWIFT_VERSION = 5.0;
				TARGETED_DEVICE_FAMILY = "1,2";
			};
			name = Release;
		};
		84133AB62687F04900EACD6A /* Debug */ = {
			isa = XCBuildConfiguration;
			buildSettings = {
				ALWAYS_EMBED_SWIFT_STANDARD_LIBRARIES = YES;
				CODE_SIGN_STYLE = Automatic;
				DEVELOPMENT_TEAM = CGDWWS583F;
				INFOPLIST_FILE = FinalProjectTests/Info.plist;
				IPHONEOS_DEPLOYMENT_TARGET = 14.4;
				LD_RUNPATH_SEARCH_PATHS = (
					"$(inherited)",
					"@executable_path/Frameworks",
					"@loader_path/Frameworks",
				);
				PRODUCT_BUNDLE_IDENTIFIER = "anton-incorporated.FinalProjectTests";
				PRODUCT_NAME = "$(TARGET_NAME)";
				SWIFT_VERSION = 5.0;
				TARGETED_DEVICE_FAMILY = "1,2";
			};
			name = Debug;
		};
		84133AB72687F04900EACD6A /* Release */ = {
			isa = XCBuildConfiguration;
			buildSettings = {
				ALWAYS_EMBED_SWIFT_STANDARD_LIBRARIES = YES;
				CODE_SIGN_STYLE = Automatic;
				DEVELOPMENT_TEAM = CGDWWS583F;
				INFOPLIST_FILE = FinalProjectTests/Info.plist;
				IPHONEOS_DEPLOYMENT_TARGET = 14.4;
				LD_RUNPATH_SEARCH_PATHS = (
					"$(inherited)",
					"@executable_path/Frameworks",
					"@loader_path/Frameworks",
				);
				PRODUCT_BUNDLE_IDENTIFIER = "anton-incorporated.FinalProjectTests";
				PRODUCT_NAME = "$(TARGET_NAME)";
				SWIFT_VERSION = 5.0;
				TARGETED_DEVICE_FAMILY = "1,2";
			};
			name = Release;
		};
		84133AB92687F04900EACD6A /* Debug */ = {
			isa = XCBuildConfiguration;
			buildSettings = {
				ALWAYS_EMBED_SWIFT_STANDARD_LIBRARIES = YES;
				CODE_SIGN_STYLE = Automatic;
				DEVELOPMENT_TEAM = CGDWWS583F;
				INFOPLIST_FILE = FinalProjectUITests/Info.plist;
				LD_RUNPATH_SEARCH_PATHS = (
					"$(inherited)",
					"@executable_path/Frameworks",
					"@loader_path/Frameworks",
				);
				PRODUCT_BUNDLE_IDENTIFIER = "anton-incorporated.FinalProjectUITests";
				PRODUCT_NAME = "$(TARGET_NAME)";
				SWIFT_VERSION = 5.0;
				TARGETED_DEVICE_FAMILY = "1,2";
				TEST_TARGET_NAME = FinalProject;
			};
			name = Debug;
		};
		84133ABA2687F04900EACD6A /* Release */ = {
			isa = XCBuildConfiguration;
			buildSettings = {
				ALWAYS_EMBED_SWIFT_STANDARD_LIBRARIES = YES;
				CODE_SIGN_STYLE = Automatic;
				DEVELOPMENT_TEAM = CGDWWS583F;
				INFOPLIST_FILE = FinalProjectUITests/Info.plist;
				LD_RUNPATH_SEARCH_PATHS = (
					"$(inherited)",
					"@executable_path/Frameworks",
					"@loader_path/Frameworks",
				);
				PRODUCT_BUNDLE_IDENTIFIER = "anton-incorporated.FinalProjectUITests";
				PRODUCT_NAME = "$(TARGET_NAME)";
				SWIFT_VERSION = 5.0;
				TARGETED_DEVICE_FAMILY = "1,2";
				TEST_TARGET_NAME = FinalProject;
			};
			name = Release;
		};
/* End XCBuildConfiguration section */

/* Begin XCConfigurationList section */
		84133A802687F04500EACD6A /* Build configuration list for PBXProject "FinalProject" */ = {
			isa = XCConfigurationList;
			buildConfigurations = (
				84133AB02687F04900EACD6A /* Debug */,
				84133AB12687F04900EACD6A /* Release */,
			);
			defaultConfigurationIsVisible = 0;
			defaultConfigurationName = Release;
		};
		84133AB22687F04900EACD6A /* Build configuration list for PBXNativeTarget "FinalProject" */ = {
			isa = XCConfigurationList;
			buildConfigurations = (
				84133AB32687F04900EACD6A /* Debug */,
				84133AB42687F04900EACD6A /* Release */,
			);
			defaultConfigurationIsVisible = 0;
			defaultConfigurationName = Release;
		};
		84133AB52687F04900EACD6A /* Build configuration list for PBXNativeTarget "FinalProjectTests" */ = {
			isa = XCConfigurationList;
			buildConfigurations = (
				84133AB62687F04900EACD6A /* Debug */,
				84133AB72687F04900EACD6A /* Release */,
			);
			defaultConfigurationIsVisible = 0;
			defaultConfigurationName = Release;
		};
		84133AB82687F04900EACD6A /* Build configuration list for PBXNativeTarget "FinalProjectUITests" */ = {
			isa = XCConfigurationList;
			buildConfigurations = (
				84133AB92687F04900EACD6A /* Debug */,
				84133ABA2687F04900EACD6A /* Release */,
			);
			defaultConfigurationIsVisible = 0;
			defaultConfigurationName = Release;
		};
/* End XCConfigurationList section */

/* Begin XCVersionGroup section */
		84133A912687F04500EACD6A /* FinalProject.xcdatamodeld */ = {
			isa = XCVersionGroup;
			children = (
				84133A922687F04500EACD6A /* FinalProject.xcdatamodel */,
			);
			currentVersion = 84133A922687F04500EACD6A /* FinalProject.xcdatamodel */;
			path = FinalProject.xcdatamodeld;
			sourceTree = "<group>";
			versionGroupType = wrapper.xcdatamodel;
		};
/* End XCVersionGroup section */
	};
	rootObject = 84133A7D2687F04500EACD6A /* Project object */;
}
