// !$*UTF8*$!
{
	archiveVersion = 1;
	classes = {
	};
	objectVersion = 52;
	objects = {

/* Begin PBXBuildFile section */
		84133A892687F04500EACD6A /* AppDelegate.swift in Sources */ = {isa = PBXBuildFile; fileRef = 84133A882687F04500EACD6A /* AppDelegate.swift */; };
		84133A932687F04500EACD6A /* FinalProject.xcdatamodeld in Sources */ = {isa = PBXBuildFile; fileRef = 84133A912687F04500EACD6A /* FinalProject.xcdatamodeld */; };
		84133A952687F04900EACD6A /* Assets.xcassets in Resources */ = {isa = PBXBuildFile; fileRef = 84133A942687F04900EACD6A /* Assets.xcassets */; };
		84133A982687F04900EACD6A /* LaunchScreen.storyboard in Resources */ = {isa = PBXBuildFile; fileRef = 84133A962687F04900EACD6A /* LaunchScreen.storyboard */; };
		84133AA32687F04900EACD6A /* FinalProjectTests.swift in Sources */ = {isa = PBXBuildFile; fileRef = 84133AA22687F04900EACD6A /* FinalProjectTests.swift */; };
		84133AAE2687F04900EACD6A /* FinalProjectUITests.swift in Sources */ = {isa = PBXBuildFile; fileRef = 84133AAD2687F04900EACD6A /* FinalProjectUITests.swift */; };
		84284F4A26B3131A002766CA /* SnapshotTest.swift in Sources */ = {isa = PBXBuildFile; fileRef = 84284F4926B3131A002766CA /* SnapshotTest.swift */; };
		84284F5E26B3162F002766CA /* SnapshotTesting in Frameworks */ = {isa = PBXBuildFile; productRef = 84284F5D26B3162F002766CA /* SnapshotTesting */; };
		84284F7526B324C2002766CA /* NetworkServiceTests.swift in Sources */ = {isa = PBXBuildFile; fileRef = 84284F6F26B323F9002766CA /* NetworkServiceTests.swift */; };
		84284F8626B3A9EF002766CA /* ImageCacheService.swift in Sources */ = {isa = PBXBuildFile; fileRef = 84284F8526B3A9EF002766CA /* ImageCacheService.swift */; };
		84284F9726B3CBCC002766CA /* ImageCacheServiceTest.swift in Sources */ = {isa = PBXBuildFile; fileRef = 84284F9626B3CBCC002766CA /* ImageCacheServiceTest.swift */; };
		84284FA626B3CFFF002766CA /* UserDefaultsServiceTest.swift in Sources */ = {isa = PBXBuildFile; fileRef = 84284FA526B3CFFF002766CA /* UserDefaultsServiceTest.swift */; };
		84284FC826B3DC6A002766CA /* GetPhotosResponse.swift in Sources */ = {isa = PBXBuildFile; fileRef = 84AD841A26A0D1AD00CAF493 /* GetPhotosResponse.swift */; };
		84284FD226B3E30C002766CA /* Photo+CoreDataClass.swift in Sources */ = {isa = PBXBuildFile; fileRef = 842A8DC626AA7508008BA670 /* Photo+CoreDataClass.swift */; };
		84284FD726B3E6A6002766CA /* Photo+CoreDataProperties.swift in Sources */ = {isa = PBXBuildFile; fileRef = 842A8DC726AA7508008BA670 /* Photo+CoreDataProperties.swift */; };
		84284FDD26B3F16E002766CA /* CoreDataServiceTest.swift in Sources */ = {isa = PBXBuildFile; fileRef = 84284FDC26B3F16E002766CA /* CoreDataServiceTest.swift */; };
		8428503B26B405B6002766CA /* CursorTest.swift in Sources */ = {isa = PBXBuildFile; fileRef = 8428503A26B405B6002766CA /* CursorTest.swift */; };
		8428504426B405E1002766CA /* Cursor.swift in Sources */ = {isa = PBXBuildFile; fileRef = 84AD842A26A1245A00CAF493 /* Cursor.swift */; };
		8428504926B40788002766CA /* UserDefaultsService.swift in Sources */ = {isa = PBXBuildFile; fileRef = 842A8F4726B15EAD008BA670 /* UserDefaultsService.swift */; };
		8428504E26B4079F002766CA /* ImageCacheService.swift in Sources */ = {isa = PBXBuildFile; fileRef = 84284F8526B3A9EF002766CA /* ImageCacheService.swift */; };
		8428507126B4337D002766CA /* CustomButton.swift in Sources */ = {isa = PBXBuildFile; fileRef = 8428507026B4337D002766CA /* CustomButton.swift */; };
		8428507726B444D5002766CA /* BaseViewController.swift in Sources */ = {isa = PBXBuildFile; fileRef = 8428507626B444D5002766CA /* BaseViewController.swift */; };
		8428507D26B44506002766CA /* SpinnerViewController.swift in Sources */ = {isa = PBXBuildFile; fileRef = 8428507C26B44506002766CA /* SpinnerViewController.swift */; };
		8428508326B4502E002766CA /* BaseViewControllerTest.swift in Sources */ = {isa = PBXBuildFile; fileRef = 8428508226B4502E002766CA /* BaseViewControllerTest.swift */; };
		8428509126B45070002766CA /* SpinnerViewController.swift in Sources */ = {isa = PBXBuildFile; fileRef = 8428507C26B44506002766CA /* SpinnerViewController.swift */; };
		8428509A26B4508D002766CA /* BaseViewController.swift in Sources */ = {isa = PBXBuildFile; fileRef = 8428507626B444D5002766CA /* BaseViewController.swift */; };
		8428509F26B45099002766CA /* NetworkServiceError.swift in Sources */ = {isa = PBXBuildFile; fileRef = 84AD841426A0C2C200CAF493 /* NetworkServiceError.swift */; };
		842A8DC826AA7508008BA670 /* Photo+CoreDataClass.swift in Sources */ = {isa = PBXBuildFile; fileRef = 842A8DC626AA7508008BA670 /* Photo+CoreDataClass.swift */; };
		842A8DC926AA7508008BA670 /* Photo+CoreDataProperties.swift in Sources */ = {isa = PBXBuildFile; fileRef = 842A8DC726AA7508008BA670 /* Photo+CoreDataProperties.swift */; };
		842A8DD226AA7773008BA670 /* CoreDataStack.swift in Sources */ = {isa = PBXBuildFile; fileRef = 842A8DD126AA7773008BA670 /* CoreDataStack.swift */; };
		842A8DD726AA7D75008BA670 /* Container.swift in Sources */ = {isa = PBXBuildFile; fileRef = 842A8DD626AA7D75008BA670 /* Container.swift */; };
		842A8E3F26AE631F008BA670 /* FinalTabBarController.swift in Sources */ = {isa = PBXBuildFile; fileRef = 842A8E3E26AE631E008BA670 /* FinalTabBarController.swift */; };
		842A8E4D26AF21A3008BA670 /* FavoritePhotoViewController.swift in Sources */ = {isa = PBXBuildFile; fileRef = 842A8E4C26AF21A3008BA670 /* FavoritePhotoViewController.swift */; };
		842A8EC826B002F9008BA670 /* BottomInfoListViewController.swift in Sources */ = {isa = PBXBuildFile; fileRef = 842A8EC726B002F9008BA670 /* BottomInfoListViewController.swift */; };
		842A8ED026B0127C008BA670 /* ImageScrollView.swift in Sources */ = {isa = PBXBuildFile; fileRef = 842A8ECF26B0127B008BA670 /* ImageScrollView.swift */; };
		842A8F2126B1001D008BA670 /* CoreDataService.swift in Sources */ = {isa = PBXBuildFile; fileRef = 842A8F2026B1001D008BA670 /* CoreDataService.swift */; };
		842A8F4826B15EAD008BA670 /* UserDefaultsService.swift in Sources */ = {isa = PBXBuildFile; fileRef = 842A8F4726B15EAD008BA670 /* UserDefaultsService.swift */; };
		84AD8410269E701D00CAF493 /* NetworkConstants.swift in Sources */ = {isa = PBXBuildFile; fileRef = 84AD840F269E701D00CAF493 /* NetworkConstants.swift */; };
		84AD841526A0C2C200CAF493 /* NetworkServiceError.swift in Sources */ = {isa = PBXBuildFile; fileRef = 84AD841426A0C2C200CAF493 /* NetworkServiceError.swift */; };
		84AD841B26A0D1AD00CAF493 /* GetPhotosResponse.swift in Sources */ = {isa = PBXBuildFile; fileRef = 84AD841A26A0D1AD00CAF493 /* GetPhotosResponse.swift */; };
		84AD842B26A1245A00CAF493 /* Cursor.swift in Sources */ = {isa = PBXBuildFile; fileRef = 84AD842A26A1245A00CAF493 /* Cursor.swift */; };
		84AD843826A26CD200CAF493 /* FavoriteViewController.swift in Sources */ = {isa = PBXBuildFile; fileRef = 84AD843726A26CD200CAF493 /* FavoriteViewController.swift */; };
		84AD843D26A26D3B00CAF493 /* ProfileViewController.swift in Sources */ = {isa = PBXBuildFile; fileRef = 84AD843C26A26D3B00CAF493 /* ProfileViewController.swift */; };
		84DD68862695F198007842CD /* MainViewController.swift in Sources */ = {isa = PBXBuildFile; fileRef = 84DD68852695F198007842CD /* MainViewController.swift */; };
		84DD688B2695F255007842CD /* MainViewDelegate.swift in Sources */ = {isa = PBXBuildFile; fileRef = 84DD688A2695F255007842CD /* MainViewDelegate.swift */; };
		84DD68902695F9A2007842CD /* MainPhotoView.swift in Sources */ = {isa = PBXBuildFile; fileRef = 84DD688F2695F9A2007842CD /* MainPhotoView.swift */; };
		84DD68A62696EA87007842CD /* PhotoCellView.swift in Sources */ = {isa = PBXBuildFile; fileRef = 84DD68A52696EA87007842CD /* PhotoCellView.swift */; };
		84DD68B626979117007842CD /* CustomMainLayout.swift in Sources */ = {isa = PBXBuildFile; fileRef = 84DD68B526979117007842CD /* CustomMainLayout.swift */; };
		84DD6990269BD155007842CD /* MainPhotoViewController.swift in Sources */ = {isa = PBXBuildFile; fileRef = 84DD698F269BD155007842CD /* MainPhotoViewController.swift */; };
		84DD69AA269D37ED007842CD /* NetworkService.swift in Sources */ = {isa = PBXBuildFile; fileRef = 84DD69A9269D37ED007842CD /* NetworkService.swift */; };
/* End PBXBuildFile section */

/* Begin PBXContainerItemProxy section */
		84133A9F2687F04900EACD6A /* PBXContainerItemProxy */ = {
			isa = PBXContainerItemProxy;
			containerPortal = 84133A7D2687F04500EACD6A /* Project object */;
			proxyType = 1;
			remoteGlobalIDString = 84133A842687F04500EACD6A;
			remoteInfo = FinalProject;
		};
		84133AAA2687F04900EACD6A /* PBXContainerItemProxy */ = {
			isa = PBXContainerItemProxy;
			containerPortal = 84133A7D2687F04500EACD6A /* Project object */;
			proxyType = 1;
			remoteGlobalIDString = 84133A842687F04500EACD6A;
			remoteInfo = FinalProject;
		};
		84284F4C26B3131A002766CA /* PBXContainerItemProxy */ = {
			isa = PBXContainerItemProxy;
			containerPortal = 84133A7D2687F04500EACD6A /* Project object */;
			proxyType = 1;
			remoteGlobalIDString = 84133A842687F04500EACD6A;
			remoteInfo = FinalProject;
		};
/* End PBXContainerItemProxy section */

/* Begin PBXFileReference section */
		84133A852687F04500EACD6A /* FinalProject.app */ = {isa = PBXFileReference; explicitFileType = wrapper.application; includeInIndex = 0; path = FinalProject.app; sourceTree = BUILT_PRODUCTS_DIR; };
		84133A882687F04500EACD6A /* AppDelegate.swift */ = {isa = PBXFileReference; lastKnownFileType = sourcecode.swift; path = AppDelegate.swift; sourceTree = "<group>"; };
		84133A922687F04500EACD6A /* FinalProject.xcdatamodel */ = {isa = PBXFileReference; lastKnownFileType = wrapper.xcdatamodel; path = FinalProject.xcdatamodel; sourceTree = "<group>"; };
		84133A942687F04900EACD6A /* Assets.xcassets */ = {isa = PBXFileReference; lastKnownFileType = folder.assetcatalog; path = Assets.xcassets; sourceTree = "<group>"; };
		84133A972687F04900EACD6A /* Base */ = {isa = PBXFileReference; lastKnownFileType = file.storyboard; name = Base; path = Base.lproj/LaunchScreen.storyboard; sourceTree = "<group>"; };
		84133A992687F04900EACD6A /* Info.plist */ = {isa = PBXFileReference; lastKnownFileType = text.plist.xml; path = Info.plist; sourceTree = "<group>"; };
		84133A9E2687F04900EACD6A /* FinalProjectTests.xctest */ = {isa = PBXFileReference; explicitFileType = wrapper.cfbundle; includeInIndex = 0; path = FinalProjectTests.xctest; sourceTree = BUILT_PRODUCTS_DIR; };
		84133AA22687F04900EACD6A /* FinalProjectTests.swift */ = {isa = PBXFileReference; lastKnownFileType = sourcecode.swift; path = FinalProjectTests.swift; sourceTree = "<group>"; };
		84133AA42687F04900EACD6A /* Info.plist */ = {isa = PBXFileReference; lastKnownFileType = text.plist.xml; path = Info.plist; sourceTree = "<group>"; };
		84133AA92687F04900EACD6A /* FinalProjectUITests.xctest */ = {isa = PBXFileReference; explicitFileType = wrapper.cfbundle; includeInIndex = 0; path = FinalProjectUITests.xctest; sourceTree = BUILT_PRODUCTS_DIR; };
		84133AAD2687F04900EACD6A /* FinalProjectUITests.swift */ = {isa = PBXFileReference; lastKnownFileType = sourcecode.swift; path = FinalProjectUITests.swift; sourceTree = "<group>"; };
		84133AAF2687F04900EACD6A /* Info.plist */ = {isa = PBXFileReference; lastKnownFileType = text.plist.xml; path = Info.plist; sourceTree = "<group>"; };
		84284F4726B3131A002766CA /* SnapshotTest.xctest */ = {isa = PBXFileReference; explicitFileType = wrapper.cfbundle; includeInIndex = 0; path = SnapshotTest.xctest; sourceTree = BUILT_PRODUCTS_DIR; };
		84284F4926B3131A002766CA /* SnapshotTest.swift */ = {isa = PBXFileReference; lastKnownFileType = sourcecode.swift; path = SnapshotTest.swift; sourceTree = "<group>"; };
		84284F4B26B3131A002766CA /* Info.plist */ = {isa = PBXFileReference; lastKnownFileType = text.plist.xml; path = Info.plist; sourceTree = "<group>"; };
		84284F6F26B323F9002766CA /* NetworkServiceTests.swift */ = {isa = PBXFileReference; lastKnownFileType = sourcecode.swift; path = NetworkServiceTests.swift; sourceTree = "<group>"; };
		84284F8526B3A9EF002766CA /* ImageCacheService.swift */ = {isa = PBXFileReference; lastKnownFileType = sourcecode.swift; path = ImageCacheService.swift; sourceTree = "<group>"; };
		84284F9626B3CBCC002766CA /* ImageCacheServiceTest.swift */ = {isa = PBXFileReference; lastKnownFileType = sourcecode.swift; path = ImageCacheServiceTest.swift; sourceTree = "<group>"; };
		84284FA526B3CFFF002766CA /* UserDefaultsServiceTest.swift */ = {isa = PBXFileReference; lastKnownFileType = sourcecode.swift; path = UserDefaultsServiceTest.swift; sourceTree = "<group>"; };
		84284FDC26B3F16E002766CA /* CoreDataServiceTest.swift */ = {isa = PBXFileReference; lastKnownFileType = sourcecode.swift; path = CoreDataServiceTest.swift; sourceTree = "<group>"; };
		8428503A26B405B6002766CA /* CursorTest.swift */ = {isa = PBXFileReference; lastKnownFileType = sourcecode.swift; path = CursorTest.swift; sourceTree = "<group>"; };
		8428507026B4337D002766CA /* CustomButton.swift */ = {isa = PBXFileReference; lastKnownFileType = sourcecode.swift; path = CustomButton.swift; sourceTree = "<group>"; };
		8428507626B444D5002766CA /* BaseViewController.swift */ = {isa = PBXFileReference; lastKnownFileType = sourcecode.swift; path = BaseViewController.swift; sourceTree = "<group>"; };
		8428507C26B44506002766CA /* SpinnerViewController.swift */ = {isa = PBXFileReference; lastKnownFileType = sourcecode.swift; path = SpinnerViewController.swift; sourceTree = "<group>"; };
		8428508226B4502E002766CA /* BaseViewControllerTest.swift */ = {isa = PBXFileReference; lastKnownFileType = sourcecode.swift; path = BaseViewControllerTest.swift; sourceTree = "<group>"; };
		842A8DC626AA7508008BA670 /* Photo+CoreDataClass.swift */ = {isa = PBXFileReference; lastKnownFileType = sourcecode.swift; path = "Photo+CoreDataClass.swift"; sourceTree = "<group>"; };
		842A8DC726AA7508008BA670 /* Photo+CoreDataProperties.swift */ = {isa = PBXFileReference; lastKnownFileType = sourcecode.swift; path = "Photo+CoreDataProperties.swift"; sourceTree = "<group>"; };
		842A8DD126AA7773008BA670 /* CoreDataStack.swift */ = {isa = PBXFileReference; lastKnownFileType = sourcecode.swift; path = CoreDataStack.swift; sourceTree = "<group>"; };
		842A8DD626AA7D75008BA670 /* Container.swift */ = {isa = PBXFileReference; lastKnownFileType = sourcecode.swift; path = Container.swift; sourceTree = "<group>"; };
		842A8E3E26AE631E008BA670 /* FinalTabBarController.swift */ = {isa = PBXFileReference; lastKnownFileType = sourcecode.swift; path = FinalTabBarController.swift; sourceTree = "<group>"; };
		842A8E4C26AF21A3008BA670 /* FavoritePhotoViewController.swift */ = {isa = PBXFileReference; lastKnownFileType = sourcecode.swift; path = FavoritePhotoViewController.swift; sourceTree = "<group>"; };
		842A8EC726B002F9008BA670 /* BottomInfoListViewController.swift */ = {isa = PBXFileReference; lastKnownFileType = sourcecode.swift; path = BottomInfoListViewController.swift; sourceTree = "<group>"; };
		842A8ECF26B0127B008BA670 /* ImageScrollView.swift */ = {isa = PBXFileReference; lastKnownFileType = sourcecode.swift; path = ImageScrollView.swift; sourceTree = "<group>"; };
		842A8F2026B1001D008BA670 /* CoreDataService.swift */ = {isa = PBXFileReference; lastKnownFileType = sourcecode.swift; path = CoreDataService.swift; sourceTree = "<group>"; };
		842A8F4726B15EAD008BA670 /* UserDefaultsService.swift */ = {isa = PBXFileReference; lastKnownFileType = sourcecode.swift; path = UserDefaultsService.swift; sourceTree = "<group>"; };
		84AD840F269E701D00CAF493 /* NetworkConstants.swift */ = {isa = PBXFileReference; lastKnownFileType = sourcecode.swift; path = NetworkConstants.swift; sourceTree = "<group>"; };
		84AD841426A0C2C200CAF493 /* NetworkServiceError.swift */ = {isa = PBXFileReference; lastKnownFileType = sourcecode.swift; path = NetworkServiceError.swift; sourceTree = "<group>"; };
		84AD841A26A0D1AD00CAF493 /* GetPhotosResponse.swift */ = {isa = PBXFileReference; lastKnownFileType = sourcecode.swift; path = GetPhotosResponse.swift; sourceTree = "<group>"; };
		84AD842A26A1245A00CAF493 /* Cursor.swift */ = {isa = PBXFileReference; lastKnownFileType = sourcecode.swift; path = Cursor.swift; sourceTree = "<group>"; };
		84AD843726A26CD200CAF493 /* FavoriteViewController.swift */ = {isa = PBXFileReference; lastKnownFileType = sourcecode.swift; path = FavoriteViewController.swift; sourceTree = "<group>"; };
		84AD843C26A26D3B00CAF493 /* ProfileViewController.swift */ = {isa = PBXFileReference; lastKnownFileType = sourcecode.swift; path = ProfileViewController.swift; sourceTree = "<group>"; };
		84DD68852695F198007842CD /* MainViewController.swift */ = {isa = PBXFileReference; lastKnownFileType = sourcecode.swift; path = MainViewController.swift; sourceTree = "<group>"; };
		84DD688A2695F255007842CD /* MainViewDelegate.swift */ = {isa = PBXFileReference; lastKnownFileType = sourcecode.swift; path = MainViewDelegate.swift; sourceTree = "<group>"; };
		84DD688F2695F9A2007842CD /* MainPhotoView.swift */ = {isa = PBXFileReference; lastKnownFileType = sourcecode.swift; path = MainPhotoView.swift; sourceTree = "<group>"; };
		84DD68A52696EA87007842CD /* PhotoCellView.swift */ = {isa = PBXFileReference; lastKnownFileType = sourcecode.swift; path = PhotoCellView.swift; sourceTree = "<group>"; };
		84DD68B526979117007842CD /* CustomMainLayout.swift */ = {isa = PBXFileReference; lastKnownFileType = sourcecode.swift; path = CustomMainLayout.swift; sourceTree = "<group>"; };
		84DD698F269BD155007842CD /* MainPhotoViewController.swift */ = {isa = PBXFileReference; lastKnownFileType = sourcecode.swift; path = MainPhotoViewController.swift; sourceTree = "<group>"; };
		84DD69A9269D37ED007842CD /* NetworkService.swift */ = {isa = PBXFileReference; lastKnownFileType = sourcecode.swift; path = NetworkService.swift; sourceTree = "<group>"; };
/* End PBXFileReference section */

/* Begin PBXFrameworksBuildPhase section */
		84133A822687F04500EACD6A /* Frameworks */ = {
			isa = PBXFrameworksBuildPhase;
			buildActionMask = 2147483647;
			files = (
			);
			runOnlyForDeploymentPostprocessing = 0;
		};
		84133A9B2687F04900EACD6A /* Frameworks */ = {
			isa = PBXFrameworksBuildPhase;
			buildActionMask = 2147483647;
			files = (
			);
			runOnlyForDeploymentPostprocessing = 0;
		};
		84133AA62687F04900EACD6A /* Frameworks */ = {
			isa = PBXFrameworksBuildPhase;
			buildActionMask = 2147483647;
			files = (
			);
			runOnlyForDeploymentPostprocessing = 0;
		};
		84284F4426B3131A002766CA /* Frameworks */ = {
			isa = PBXFrameworksBuildPhase;
			buildActionMask = 2147483647;
			files = (
				84284F5E26B3162F002766CA /* SnapshotTesting in Frameworks */,
			);
			runOnlyForDeploymentPostprocessing = 0;
		};
/* End PBXFrameworksBuildPhase section */

/* Begin PBXGroup section */
		84133A7C2687F04500EACD6A = {
			isa = PBXGroup;
			children = (
				84133A872687F04500EACD6A /* FinalProject */,
				84133AA12687F04900EACD6A /* FinalProjectTests */,
				84133AAC2687F04900EACD6A /* FinalProjectUITests */,
				84284F4826B3131A002766CA /* SnapshotTest */,
				84133A862687F04500EACD6A /* Products */,
			);
			sourceTree = "<group>";
		};
		84133A862687F04500EACD6A /* Products */ = {
			isa = PBXGroup;
			children = (
				84133A852687F04500EACD6A /* FinalProject.app */,
				84133A9E2687F04900EACD6A /* FinalProjectTests.xctest */,
				84133AA92687F04900EACD6A /* FinalProjectUITests.xctest */,
				84284F4726B3131A002766CA /* SnapshotTest.xctest */,
			);
			name = Products;
			sourceTree = "<group>";
		};
		84133A872687F04500EACD6A /* FinalProject */ = {
			isa = PBXGroup;
			children = (
				84133A882687F04500EACD6A /* AppDelegate.swift */,
				84AD840F269E701D00CAF493 /* NetworkConstants.swift */,
				842A8DD026AA775B008BA670 /* CoreData */,
				84DD69A4269C9FFE007842CD /* Network */,
				84133AC52687F20600EACD6A /* Model */,
				84133AC62687F20C00EACD6A /* View */,
				84133AC72687F21400EACD6A /* Controller */,
				84133A942687F04900EACD6A /* Assets.xcassets */,
				84133A962687F04900EACD6A /* LaunchScreen.storyboard */,
				84133A992687F04900EACD6A /* Info.plist */,
				84133A912687F04500EACD6A /* FinalProject.xcdatamodeld */,
			);
			path = FinalProject;
			sourceTree = "<group>";
		};
		84133AA12687F04900EACD6A /* FinalProjectTests */ = {
			isa = PBXGroup;
			children = (
				84133AA22687F04900EACD6A /* FinalProjectTests.swift */,
				8428508226B4502E002766CA /* BaseViewControllerTest.swift */,
				84284F9626B3CBCC002766CA /* ImageCacheServiceTest.swift */,
				84133AA42687F04900EACD6A /* Info.plist */,
				84284FA526B3CFFF002766CA /* UserDefaultsServiceTest.swift */,
				8428503A26B405B6002766CA /* CursorTest.swift */,
				84284F6F26B323F9002766CA /* NetworkServiceTests.swift */,
				84284FDC26B3F16E002766CA /* CoreDataServiceTest.swift */,
			);
			path = FinalProjectTests;
			sourceTree = "<group>";
		};
		84133AAC2687F04900EACD6A /* FinalProjectUITests */ = {
			isa = PBXGroup;
			children = (
				84133AAD2687F04900EACD6A /* FinalProjectUITests.swift */,
				84133AAF2687F04900EACD6A /* Info.plist */,
			);
			path = FinalProjectUITests;
			sourceTree = "<group>";
		};
		84133AC52687F20600EACD6A /* Model */ = {
			isa = PBXGroup;
			children = (
				8428500026B401BF002766CA /* TabBar */,
				84284FF426B400FB002766CA /* MainScreen */,
				84284FF526B4011C002766CA /* FavoriteScreen */,
				84284FF626B40128002766CA /* ProfileScreen */,
			);
			path = Model;
			sourceTree = "<group>";
		};
		84133AC62687F20C00EACD6A /* View */ = {
			isa = PBXGroup;
			children = (
				84DD688A2695F255007842CD /* MainViewDelegate.swift */,
				84DD68A52696EA87007842CD /* PhotoCellView.swift */,
				842A8ECF26B0127B008BA670 /* ImageScrollView.swift */,
			);
			path = View;
			sourceTree = "<group>";
		};
		84133AC72687F21400EACD6A /* Controller */ = {
			isa = PBXGroup;
			children = (
				842A8EC726B002F9008BA670 /* BottomInfoListViewController.swift */,
			);
			path = Controller;
			sourceTree = "<group>";
		};
		84284F4826B3131A002766CA /* SnapshotTest */ = {
			isa = PBXGroup;
			children = (
				84284F4926B3131A002766CA /* SnapshotTest.swift */,
				84284F4B26B3131A002766CA /* Info.plist */,
			);
			path = SnapshotTest;
			sourceTree = "<group>";
		};
		84284FF426B400FB002766CA /* MainScreen */ = {
			isa = PBXGroup;
			children = (
				84284FFF26B401AB002766CA /* Model */,
				84284FFE26B401A7002766CA /* View */,
				84284FFD26B401A0002766CA /* Controller */,
			);
			path = MainScreen;
			sourceTree = "<group>";
		};
		84284FF526B4011C002766CA /* FavoriteScreen */ = {
			isa = PBXGroup;
			children = (
				84284FFA26B40176002766CA /* Model */,
				84284FFB26B4017B002766CA /* View */,
				84284FFC26B4017F002766CA /* Controller */,
			);
			path = FavoriteScreen;
			sourceTree = "<group>";
		};
		84284FF626B40128002766CA /* ProfileScreen */ = {
			isa = PBXGroup;
			children = (
				84284FF726B4015C002766CA /* Model */,
				84284FF826B40161002766CA /* View */,
				84284FF926B40167002766CA /* Controller */,
			);
			path = ProfileScreen;
			sourceTree = "<group>";
		};
		84284FF726B4015C002766CA /* Model */ = {
			isa = PBXGroup;
			children = (
			);
			path = Model;
			sourceTree = "<group>";
		};
		84284FF826B40161002766CA /* View */ = {
			isa = PBXGroup;
			children = (
			);
			path = View;
			sourceTree = "<group>";
		};
		84284FF926B40167002766CA /* Controller */ = {
			isa = PBXGroup;
			children = (
				84AD843C26A26D3B00CAF493 /* ProfileViewController.swift */,
			);
			path = Controller;
			sourceTree = "<group>";
		};
		84284FFA26B40176002766CA /* Model */ = {
			isa = PBXGroup;
			children = (
			);
			path = Model;
			sourceTree = "<group>";
		};
		84284FFB26B4017B002766CA /* View */ = {
			isa = PBXGroup;
			children = (
			);
			path = View;
			sourceTree = "<group>";
		};
		84284FFC26B4017F002766CA /* Controller */ = {
			isa = PBXGroup;
			children = (
				84AD843726A26CD200CAF493 /* FavoriteViewController.swift */,
				842A8E4C26AF21A3008BA670 /* FavoritePhotoViewController.swift */,
			);
			path = Controller;
			sourceTree = "<group>";
		};
		84284FFD26B401A0002766CA /* Controller */ = {
			isa = PBXGroup;
			children = (
				84DD68852695F198007842CD /* MainViewController.swift */,
				84DD698F269BD155007842CD /* MainPhotoViewController.swift */,
				8428507626B444D5002766CA /* BaseViewController.swift */,
				8428507C26B44506002766CA /* SpinnerViewController.swift */,
			);
			path = Controller;
			sourceTree = "<group>";
		};
		84284FFE26B401A7002766CA /* View */ = {
			isa = PBXGroup;
			children = (
				84DD688F2695F9A2007842CD /* MainPhotoView.swift */,
				84DD68B526979117007842CD /* CustomMainLayout.swift */,
				8428507026B4337D002766CA /* CustomButton.swift */,
			);
			path = View;
			sourceTree = "<group>";
		};
		84284FFF26B401AB002766CA /* Model */ = {
			isa = PBXGroup;
			children = (
			);
			path = Model;
			sourceTree = "<group>";
		};
		8428500026B401BF002766CA /* TabBar */ = {
			isa = PBXGroup;
			children = (
				842A8E3E26AE631E008BA670 /* FinalTabBarController.swift */,
			);
			path = TabBar;
			sourceTree = "<group>";
		};
		8428501526B40305002766CA /* Services */ = {
			isa = PBXGroup;
			children = (
				84DD69A9269D37ED007842CD /* NetworkService.swift */,
				84284F8526B3A9EF002766CA /* ImageCacheService.swift */,
				842A8F4726B15EAD008BA670 /* UserDefaultsService.swift */,
				84AD841426A0C2C200CAF493 /* NetworkServiceError.swift */,
			);
			path = Services;
			sourceTree = "<group>";
		};
		842A8DD026AA775B008BA670 /* CoreData */ = {
			isa = PBXGroup;
			children = (
				842A8DC626AA7508008BA670 /* Photo+CoreDataClass.swift */,
				842A8DC726AA7508008BA670 /* Photo+CoreDataProperties.swift */,
				842A8DD126AA7773008BA670 /* CoreDataStack.swift */,
				842A8F2026B1001D008BA670 /* CoreDataService.swift */,
				842A8DD626AA7D75008BA670 /* Container.swift */,
			);
			path = CoreData;
			sourceTree = "<group>";
		};
		84DD69A4269C9FFE007842CD /* Network */ = {
			isa = PBXGroup;
			children = (
				8428501526B40305002766CA /* Services */,
				84AD841A26A0D1AD00CAF493 /* GetPhotosResponse.swift */,
				84AD842A26A1245A00CAF493 /* Cursor.swift */,
			);
			path = Network;
			sourceTree = "<group>";
		};
/* End PBXGroup section */

/* Begin PBXNativeTarget section */
		84133A842687F04500EACD6A /* FinalProject */ = {
			isa = PBXNativeTarget;
			buildConfigurationList = 84133AB22687F04900EACD6A /* Build configuration list for PBXNativeTarget "FinalProject" */;
			buildPhases = (
				84133A812687F04500EACD6A /* Sources */,
				84133A822687F04500EACD6A /* Frameworks */,
				84133A832687F04500EACD6A /* Resources */,
			);
			buildRules = (
			);
			dependencies = (
			);
			name = FinalProject;
			packageProductDependencies = (
			);
			productName = FinalProject;
			productReference = 84133A852687F04500EACD6A /* FinalProject.app */;
			productType = "com.apple.product-type.application";
		};
		84133A9D2687F04900EACD6A /* FinalProjectTests */ = {
			isa = PBXNativeTarget;
			buildConfigurationList = 84133AB52687F04900EACD6A /* Build configuration list for PBXNativeTarget "FinalProjectTests" */;
			buildPhases = (
				84133A9A2687F04900EACD6A /* Sources */,
				84133A9B2687F04900EACD6A /* Frameworks */,
				84133A9C2687F04900EACD6A /* Resources */,
			);
			buildRules = (
			);
			dependencies = (
				84133AA02687F04900EACD6A /* PBXTargetDependency */,
			);
			name = FinalProjectTests;
			productName = FinalProjectTests;
			productReference = 84133A9E2687F04900EACD6A /* FinalProjectTests.xctest */;
			productType = "com.apple.product-type.bundle.unit-test";
		};
		84133AA82687F04900EACD6A /* FinalProjectUITests */ = {
			isa = PBXNativeTarget;
			buildConfigurationList = 84133AB82687F04900EACD6A /* Build configuration list for PBXNativeTarget "FinalProjectUITests" */;
			buildPhases = (
				84133AA52687F04900EACD6A /* Sources */,
				84133AA62687F04900EACD6A /* Frameworks */,
				84133AA72687F04900EACD6A /* Resources */,
			);
			buildRules = (
			);
			dependencies = (
				84133AAB2687F04900EACD6A /* PBXTargetDependency */,
			);
			name = FinalProjectUITests;
			productName = FinalProjectUITests;
			productReference = 84133AA92687F04900EACD6A /* FinalProjectUITests.xctest */;
			productType = "com.apple.product-type.bundle.ui-testing";
		};
		84284F4626B3131A002766CA /* SnapshotTest */ = {
			isa = PBXNativeTarget;
			buildConfigurationList = 84284F5026B3131A002766CA /* Build configuration list for PBXNativeTarget "SnapshotTest" */;
			buildPhases = (
				84284F4326B3131A002766CA /* Sources */,
				84284F4426B3131A002766CA /* Frameworks */,
				84284F4526B3131A002766CA /* Resources */,
			);
			buildRules = (
			);
			dependencies = (
				84284F4D26B3131A002766CA /* PBXTargetDependency */,
			);
			name = SnapshotTest;
			packageProductDependencies = (
				84284F5D26B3162F002766CA /* SnapshotTesting */,
			);
			productName = SnapshotTest;
			productReference = 84284F4726B3131A002766CA /* SnapshotTest.xctest */;
			productType = "com.apple.product-type.bundle.unit-test";
		};
/* End PBXNativeTarget section */

/* Begin PBXProject section */
		84133A7D2687F04500EACD6A /* Project object */ = {
			isa = PBXProject;
			attributes = {
				LastSwiftUpdateCheck = 1240;
				LastUpgradeCheck = 1240;
				TargetAttributes = {
					84133A842687F04500EACD6A = {
						CreatedOnToolsVersion = 12.4;
					};
					84133A9D2687F04900EACD6A = {
						CreatedOnToolsVersion = 12.4;
					};
					84133AA82687F04900EACD6A = {
						CreatedOnToolsVersion = 12.4;
						TestTargetID = 84133A842687F04500EACD6A;
					};
					84284F4626B3131A002766CA = {
						CreatedOnToolsVersion = 12.4;
						TestTargetID = 84133A842687F04500EACD6A;
					};
				};
			};
			buildConfigurationList = 84133A802687F04500EACD6A /* Build configuration list for PBXProject "FinalProject" */;
			compatibilityVersion = "Xcode 9.3";
			developmentRegion = en;
			hasScannedForEncodings = 0;
			knownRegions = (
				en,
				Base,
			);
			mainGroup = 84133A7C2687F04500EACD6A;
			packageReferences = (
				84284F5C26B3162F002766CA /* XCRemoteSwiftPackageReference "swift-snapshot-testing" */,
			);
			productRefGroup = 84133A862687F04500EACD6A /* Products */;
			projectDirPath = "";
			projectRoot = "";
			targets = (
				84133A842687F04500EACD6A /* FinalProject */,
				84133A9D2687F04900EACD6A /* FinalProjectTests */,
				84133AA82687F04900EACD6A /* FinalProjectUITests */,
				84284F4626B3131A002766CA /* SnapshotTest */,
			);
		};
/* End PBXProject section */

/* Begin PBXResourcesBuildPhase section */
		84133A832687F04500EACD6A /* Resources */ = {
			isa = PBXResourcesBuildPhase;
			buildActionMask = 2147483647;
			files = (
				84133A982687F04900EACD6A /* LaunchScreen.storyboard in Resources */,
				84133A952687F04900EACD6A /* Assets.xcassets in Resources */,
			);
			runOnlyForDeploymentPostprocessing = 0;
		};
		84133A9C2687F04900EACD6A /* Resources */ = {
			isa = PBXResourcesBuildPhase;
			buildActionMask = 2147483647;
			files = (
			);
			runOnlyForDeploymentPostprocessing = 0;
		};
		84133AA72687F04900EACD6A /* Resources */ = {
			isa = PBXResourcesBuildPhase;
			buildActionMask = 2147483647;
			files = (
			);
			runOnlyForDeploymentPostprocessing = 0;
		};
		84284F4526B3131A002766CA /* Resources */ = {
			isa = PBXResourcesBuildPhase;
			buildActionMask = 2147483647;
			files = (
			);
			runOnlyForDeploymentPostprocessing = 0;
		};
/* End PBXResourcesBuildPhase section */

/* Begin PBXSourcesBuildPhase section */
		84133A812687F04500EACD6A /* Sources */ = {
			isa = PBXSourcesBuildPhase;
			buildActionMask = 2147483647;
			files = (
				84AD8410269E701D00CAF493 /* NetworkConstants.swift in Sources */,
				842A8F2126B1001D008BA670 /* CoreDataService.swift in Sources */,
				8428507126B4337D002766CA /* CustomButton.swift in Sources */,
				84DD68A62696EA87007842CD /* PhotoCellView.swift in Sources */,
				84DD68902695F9A2007842CD /* MainPhotoView.swift in Sources */,
				8428507726B444D5002766CA /* BaseViewController.swift in Sources */,
				84133A892687F04500EACD6A /* AppDelegate.swift in Sources */,
				842A8DC826AA7508008BA670 /* Photo+CoreDataClass.swift in Sources */,
				842A8E4D26AF21A3008BA670 /* FavoritePhotoViewController.swift in Sources */,
				842A8DD726AA7D75008BA670 /* Container.swift in Sources */,
				842A8EC826B002F9008BA670 /* BottomInfoListViewController.swift in Sources */,
				84AD842B26A1245A00CAF493 /* Cursor.swift in Sources */,
				84133A932687F04500EACD6A /* FinalProject.xcdatamodeld in Sources */,
				84DD688B2695F255007842CD /* MainViewDelegate.swift in Sources */,
				8428507D26B44506002766CA /* SpinnerViewController.swift in Sources */,
				842A8DC926AA7508008BA670 /* Photo+CoreDataProperties.swift in Sources */,
				842A8E3F26AE631F008BA670 /* FinalTabBarController.swift in Sources */,
				84DD6990269BD155007842CD /* MainPhotoViewController.swift in Sources */,
				842A8ED026B0127C008BA670 /* ImageScrollView.swift in Sources */,
				842A8F4826B15EAD008BA670 /* UserDefaultsService.swift in Sources */,
				84AD841526A0C2C200CAF493 /* NetworkServiceError.swift in Sources */,
				84AD843826A26CD200CAF493 /* FavoriteViewController.swift in Sources */,
				84DD68B626979117007842CD /* CustomMainLayout.swift in Sources */,
				84DD69AA269D37ED007842CD /* NetworkService.swift in Sources */,
				84284F8626B3A9EF002766CA /* ImageCacheService.swift in Sources */,
				84AD843D26A26D3B00CAF493 /* ProfileViewController.swift in Sources */,
				84AD841B26A0D1AD00CAF493 /* GetPhotosResponse.swift in Sources */,
				84DD68862695F198007842CD /* MainViewController.swift in Sources */,
				842A8DD226AA7773008BA670 /* CoreDataStack.swift in Sources */,
			);
			runOnlyForDeploymentPostprocessing = 0;
		};
		84133A9A2687F04900EACD6A /* Sources */ = {
			isa = PBXSourcesBuildPhase;
			buildActionMask = 2147483647;
			files = (
				8428504926B40788002766CA /* UserDefaultsService.swift in Sources */,
				84284FD226B3E30C002766CA /* Photo+CoreDataClass.swift in Sources */,
				84284FA626B3CFFF002766CA /* UserDefaultsServiceTest.swift in Sources */,
				8428504426B405E1002766CA /* Cursor.swift in Sources */,
				8428509126B45070002766CA /* SpinnerViewController.swift in Sources */,
				84284FC826B3DC6A002766CA /* GetPhotosResponse.swift in Sources */,
				8428508326B4502E002766CA /* BaseViewControllerTest.swift in Sources */,
				84284F7526B324C2002766CA /* NetworkServiceTests.swift in Sources */,
				84284FD726B3E6A6002766CA /* Photo+CoreDataProperties.swift in Sources */,
				8428503B26B405B6002766CA /* CursorTest.swift in Sources */,
				8428504E26B4079F002766CA /* ImageCacheService.swift in Sources */,
				84284FDD26B3F16E002766CA /* CoreDataServiceTest.swift in Sources */,
				84133AA32687F04900EACD6A /* FinalProjectTests.swift in Sources */,
				8428509A26B4508D002766CA /* BaseViewController.swift in Sources */,
				8428509F26B45099002766CA /* NetworkServiceError.swift in Sources */,
				84284F9726B3CBCC002766CA /* ImageCacheServiceTest.swift in Sources */,
			);
			runOnlyForDeploymentPostprocessing = 0;
		};
		84133AA52687F04900EACD6A /* Sources */ = {
			isa = PBXSourcesBuildPhase;
			buildActionMask = 2147483647;
			files = (
				84133AAE2687F04900EACD6A /* FinalProjectUITests.swift in Sources */,
			);
			runOnlyForDeploymentPostprocessing = 0;
		};
		84284F4326B3131A002766CA /* Sources */ = {
			isa = PBXSourcesBuildPhase;
			buildActionMask = 2147483647;
			files = (
				84284F4A26B3131A002766CA /* SnapshotTest.swift in Sources */,
			);
			runOnlyForDeploymentPostprocessing = 0;
		};
/* End PBXSourcesBuildPhase section */

/* Begin PBXTargetDependency section */
		84133AA02687F04900EACD6A /* PBXTargetDependency */ = {
			isa = PBXTargetDependency;
			target = 84133A842687F04500EACD6A /* FinalProject */;
			targetProxy = 84133A9F2687F04900EACD6A /* PBXContainerItemProxy */;
		};
		84133AAB2687F04900EACD6A /* PBXTargetDependency */ = {
			isa = PBXTargetDependency;
			target = 84133A842687F04500EACD6A /* FinalProject */;
			targetProxy = 84133AAA2687F04900EACD6A /* PBXContainerItemProxy */;
		};
		84284F4D26B3131A002766CA /* PBXTargetDependency */ = {
			isa = PBXTargetDependency;
			target = 84133A842687F04500EACD6A /* FinalProject */;
			targetProxy = 84284F4C26B3131A002766CA /* PBXContainerItemProxy */;
		};
/* End PBXTargetDependency section */

/* Begin PBXVariantGroup section */
		84133A962687F04900EACD6A /* LaunchScreen.storyboard */ = {
			isa = PBXVariantGroup;
			children = (
				84133A972687F04900EACD6A /* Base */,
			);
			name = LaunchScreen.storyboard;
			sourceTree = "<group>";
		};
/* End PBXVariantGroup section */

/* Begin XCBuildConfiguration section */
		84133AB02687F04900EACD6A /* Debug */ = {
			isa = XCBuildConfiguration;
			buildSettings = {
				ALWAYS_SEARCH_USER_PATHS = NO;
				CLANG_ANALYZER_NONNULL = YES;
				CLANG_ANALYZER_NUMBER_OBJECT_CONVERSION = YES_AGGRESSIVE;
				CLANG_CXX_LANGUAGE_STANDARD = "gnu++14";
				CLANG_CXX_LIBRARY = "libc++";
				CLANG_ENABLE_MODULES = YES;
				CLANG_ENABLE_OBJC_ARC = YES;
				CLANG_ENABLE_OBJC_WEAK = YES;
				CLANG_WARN_BLOCK_CAPTURE_AUTORELEASING = YES;
				CLANG_WARN_BOOL_CONVERSION = YES;
				CLANG_WARN_COMMA = YES;
				CLANG_WARN_CONSTANT_CONVERSION = YES;
				CLANG_WARN_DEPRECATED_OBJC_IMPLEMENTATIONS = YES;
				CLANG_WARN_DIRECT_OBJC_ISA_USAGE = YES_ERROR;
				CLANG_WARN_DOCUMENTATION_COMMENTS = YES;
				CLANG_WARN_EMPTY_BODY = YES;
				CLANG_WARN_ENUM_CONVERSION = YES;
				CLANG_WARN_INFINITE_RECURSION = YES;
				CLANG_WARN_INT_CONVERSION = YES;
				CLANG_WARN_NON_LITERAL_NULL_CONVERSION = YES;
				CLANG_WARN_OBJC_IMPLICIT_RETAIN_SELF = YES;
				CLANG_WARN_OBJC_LITERAL_CONVERSION = YES;
				CLANG_WARN_OBJC_ROOT_CLASS = YES_ERROR;
				CLANG_WARN_QUOTED_INCLUDE_IN_FRAMEWORK_HEADER = YES;
				CLANG_WARN_RANGE_LOOP_ANALYSIS = YES;
				CLANG_WARN_STRICT_PROTOTYPES = YES;
				CLANG_WARN_SUSPICIOUS_MOVE = YES;
				CLANG_WARN_UNGUARDED_AVAILABILITY = YES_AGGRESSIVE;
				CLANG_WARN_UNREACHABLE_CODE = YES;
				CLANG_WARN__DUPLICATE_METHOD_MATCH = YES;
				COPY_PHASE_STRIP = NO;
				DEBUG_INFORMATION_FORMAT = dwarf;
				ENABLE_STRICT_OBJC_MSGSEND = YES;
				ENABLE_TESTABILITY = YES;
				GCC_C_LANGUAGE_STANDARD = gnu11;
				GCC_DYNAMIC_NO_PIC = NO;
				GCC_NO_COMMON_BLOCKS = YES;
				GCC_OPTIMIZATION_LEVEL = 0;
				GCC_PREPROCESSOR_DEFINITIONS = (
					"DEBUG=1",
					"$(inherited)",
				);
				GCC_WARN_64_TO_32_BIT_CONVERSION = YES;
				GCC_WARN_ABOUT_RETURN_TYPE = YES_ERROR;
				GCC_WARN_UNDECLARED_SELECTOR = YES;
				GCC_WARN_UNINITIALIZED_AUTOS = YES_AGGRESSIVE;
				GCC_WARN_UNUSED_FUNCTION = YES;
				GCC_WARN_UNUSED_VARIABLE = YES;
				IPHONEOS_DEPLOYMENT_TARGET = 14.4;
				MTL_ENABLE_DEBUG_INFO = INCLUDE_SOURCE;
				MTL_FAST_MATH = YES;
				ONLY_ACTIVE_ARCH = YES;
				SDKROOT = iphoneos;
				SWIFT_ACTIVE_COMPILATION_CONDITIONS = DEBUG;
				SWIFT_OPTIMIZATION_LEVEL = "-Onone";
			};
			name = Debug;
		};
		84133AB12687F04900EACD6A /* Release */ = {
			isa = XCBuildConfiguration;
			buildSettings = {
				ALWAYS_SEARCH_USER_PATHS = NO;
				CLANG_ANALYZER_NONNULL = YES;
				CLANG_ANALYZER_NUMBER_OBJECT_CONVERSION = YES_AGGRESSIVE;
				CLANG_CXX_LANGUAGE_STANDARD = "gnu++14";
				CLANG_CXX_LIBRARY = "libc++";
				CLANG_ENABLE_MODULES = YES;
				CLANG_ENABLE_OBJC_ARC = YES;
				CLANG_ENABLE_OBJC_WEAK = YES;
				CLANG_WARN_BLOCK_CAPTURE_AUTORELEASING = YES;
				CLANG_WARN_BOOL_CONVERSION = YES;
				CLANG_WARN_COMMA = YES;
				CLANG_WARN_CONSTANT_CONVERSION = YES;
				CLANG_WARN_DEPRECATED_OBJC_IMPLEMENTATIONS = YES;
				CLANG_WARN_DIRECT_OBJC_ISA_USAGE = YES_ERROR;
				CLANG_WARN_DOCUMENTATION_COMMENTS = YES;
				CLANG_WARN_EMPTY_BODY = YES;
				CLANG_WARN_ENUM_CONVERSION = YES;
				CLANG_WARN_INFINITE_RECURSION = YES;
				CLANG_WARN_INT_CONVERSION = YES;
				CLANG_WARN_NON_LITERAL_NULL_CONVERSION = YES;
				CLANG_WARN_OBJC_IMPLICIT_RETAIN_SELF = YES;
				CLANG_WARN_OBJC_LITERAL_CONVERSION = YES;
				CLANG_WARN_OBJC_ROOT_CLASS = YES_ERROR;
				CLANG_WARN_QUOTED_INCLUDE_IN_FRAMEWORK_HEADER = YES;
				CLANG_WARN_RANGE_LOOP_ANALYSIS = YES;
				CLANG_WARN_STRICT_PROTOTYPES = YES;
				CLANG_WARN_SUSPICIOUS_MOVE = YES;
				CLANG_WARN_UNGUARDED_AVAILABILITY = YES_AGGRESSIVE;
				CLANG_WARN_UNREACHABLE_CODE = YES;
				CLANG_WARN__DUPLICATE_METHOD_MATCH = YES;
				COPY_PHASE_STRIP = NO;
				DEBUG_INFORMATION_FORMAT = "dwarf-with-dsym";
				ENABLE_NS_ASSERTIONS = NO;
				ENABLE_STRICT_OBJC_MSGSEND = YES;
				GCC_C_LANGUAGE_STANDARD = gnu11;
				GCC_NO_COMMON_BLOCKS = YES;
				GCC_WARN_64_TO_32_BIT_CONVERSION = YES;
				GCC_WARN_ABOUT_RETURN_TYPE = YES_ERROR;
				GCC_WARN_UNDECLARED_SELECTOR = YES;
				GCC_WARN_UNINITIALIZED_AUTOS = YES_AGGRESSIVE;
				GCC_WARN_UNUSED_FUNCTION = YES;
				GCC_WARN_UNUSED_VARIABLE = YES;
				IPHONEOS_DEPLOYMENT_TARGET = 14.4;
				MTL_ENABLE_DEBUG_INFO = NO;
				MTL_FAST_MATH = YES;
				SDKROOT = iphoneos;
				SWIFT_COMPILATION_MODE = wholemodule;
				SWIFT_OPTIMIZATION_LEVEL = "-O";
				VALIDATE_PRODUCT = YES;
			};
			name = Release;
		};
		84133AB32687F04900EACD6A /* Debug */ = {
			isa = XCBuildConfiguration;
			buildSettings = {
				ASSETCATALOG_COMPILER_APPICON_NAME = AppIcon;
				ASSETCATALOG_COMPILER_GLOBAL_ACCENT_COLOR_NAME = AccentColor;
				CODE_SIGN_STYLE = Automatic;
				DEVELOPMENT_TEAM = CGDWWS583F;
				INFOPLIST_FILE = FinalProject/Info.plist;
				IPHONEOS_DEPLOYMENT_TARGET = 13.0;
				LD_RUNPATH_SEARCH_PATHS = (
					"$(inherited)",
					"@executable_path/Frameworks",
				);
				PRODUCT_BUNDLE_IDENTIFIER = "anton-incorporated.FinalProject";
				PRODUCT_NAME = "$(TARGET_NAME)";
				SWIFT_VERSION = 5.0;
				TARGETED_DEVICE_FAMILY = "1,2";
			};
			name = Debug;
		};
		84133AB42687F04900EACD6A /* Release */ = {
			isa = XCBuildConfiguration;
			buildSettings = {
				ASSETCATALOG_COMPILER_APPICON_NAME = AppIcon;
				ASSETCATALOG_COMPILER_GLOBAL_ACCENT_COLOR_NAME = AccentColor;
				CODE_SIGN_STYLE = Automatic;
				DEVELOPMENT_TEAM = CGDWWS583F;
				INFOPLIST_FILE = FinalProject/Info.plist;
				IPHONEOS_DEPLOYMENT_TARGET = 13.0;
				LD_RUNPATH_SEARCH_PATHS = (
					"$(inherited)",
					"@executable_path/Frameworks",
				);
				PRODUCT_BUNDLE_IDENTIFIER = "anton-incorporated.FinalProject";
				PRODUCT_NAME = "$(TARGET_NAME)";
				SWIFT_VERSION = 5.0;
				TARGETED_DEVICE_FAMILY = "1,2";
			};
			name = Release;
		};
		84133AB62687F04900EACD6A /* Debug */ = {
			isa = XCBuildConfiguration;
			buildSettings = {
				ALWAYS_EMBED_SWIFT_STANDARD_LIBRARIES = YES;
				CODE_SIGN_STYLE = Automatic;
				DEVELOPMENT_TEAM = CGDWWS583F;
				INFOPLIST_FILE = FinalProjectTests/Info.plist;
				IPHONEOS_DEPLOYMENT_TARGET = 14.4;
				LD_RUNPATH_SEARCH_PATHS = (
					"$(inherited)",
					"@executable_path/Frameworks",
					"@loader_path/Frameworks",
				);
				PRODUCT_BUNDLE_IDENTIFIER = "anton-incorporated.FinalProjectTests";
				PRODUCT_NAME = "$(TARGET_NAME)";
				SWIFT_VERSION = 5.0;
				TARGETED_DEVICE_FAMILY = "1,2";
			};
			name = Debug;
		};
		84133AB72687F04900EACD6A /* Release */ = {
			isa = XCBuildConfiguration;
			buildSettings = {
				ALWAYS_EMBED_SWIFT_STANDARD_LIBRARIES = YES;
				CODE_SIGN_STYLE = Automatic;
				DEVELOPMENT_TEAM = CGDWWS583F;
				INFOPLIST_FILE = FinalProjectTests/Info.plist;
				IPHONEOS_DEPLOYMENT_TARGET = 14.4;
				LD_RUNPATH_SEARCH_PATHS = (
					"$(inherited)",
					"@executable_path/Frameworks",
					"@loader_path/Frameworks",
				);
				PRODUCT_BUNDLE_IDENTIFIER = "anton-incorporated.FinalProjectTests";
				PRODUCT_NAME = "$(TARGET_NAME)";
				SWIFT_VERSION = 5.0;
				TARGETED_DEVICE_FAMILY = "1,2";
			};
			name = Release;
		};
		84133AB92687F04900EACD6A /* Debug */ = {
			isa = XCBuildConfiguration;
			buildSettings = {
				ALWAYS_EMBED_SWIFT_STANDARD_LIBRARIES = YES;
				CODE_SIGN_STYLE = Automatic;
				DEVELOPMENT_TEAM = CGDWWS583F;
				INFOPLIST_FILE = FinalProjectUITests/Info.plist;
				LD_RUNPATH_SEARCH_PATHS = (
					"$(inherited)",
					"@executable_path/Frameworks",
					"@loader_path/Frameworks",
				);
				PRODUCT_BUNDLE_IDENTIFIER = "anton-incorporated.FinalProjectUITests";
				PRODUCT_NAME = "$(TARGET_NAME)";
				SWIFT_VERSION = 5.0;
				TARGETED_DEVICE_FAMILY = "1,2";
				TEST_TARGET_NAME = FinalProject;
			};
			name = Debug;
		};
		84133ABA2687F04900EACD6A /* Release */ = {
			isa = XCBuildConfiguration;
			buildSettings = {
				ALWAYS_EMBED_SWIFT_STANDARD_LIBRARIES = YES;
				CODE_SIGN_STYLE = Automatic;
				DEVELOPMENT_TEAM = CGDWWS583F;
				INFOPLIST_FILE = FinalProjectUITests/Info.plist;
				LD_RUNPATH_SEARCH_PATHS = (
					"$(inherited)",
					"@executable_path/Frameworks",
					"@loader_path/Frameworks",
				);
				PRODUCT_BUNDLE_IDENTIFIER = "anton-incorporated.FinalProjectUITests";
				PRODUCT_NAME = "$(TARGET_NAME)";
				SWIFT_VERSION = 5.0;
				TARGETED_DEVICE_FAMILY = "1,2";
				TEST_TARGET_NAME = FinalProject;
			};
			name = Release;
		};
		84284F4E26B3131A002766CA /* Debug */ = {
			isa = XCBuildConfiguration;
			buildSettings = {
				BUNDLE_LOADER = "$(TEST_HOST)";
				CODE_SIGN_STYLE = Automatic;
				DEVELOPMENT_TEAM = CGDWWS583F;
				INFOPLIST_FILE = SnapshotTest/Info.plist;
				LD_RUNPATH_SEARCH_PATHS = (
					"$(inherited)",
					"@executable_path/Frameworks",
					"@loader_path/Frameworks",
				);
				PRODUCT_BUNDLE_IDENTIFIER = "anton-incorporated.SnapshotTest";
				PRODUCT_NAME = "$(TARGET_NAME)";
				SWIFT_VERSION = 5.0;
				TARGETED_DEVICE_FAMILY = "1,2";
				TEST_HOST = "$(BUILT_PRODUCTS_DIR)/FinalProject.app/FinalProject";
			};
			name = Debug;
		};
		84284F4F26B3131A002766CA /* Release */ = {
			isa = XCBuildConfiguration;
			buildSettings = {
				BUNDLE_LOADER = "$(TEST_HOST)";
				CODE_SIGN_STYLE = Automatic;
				DEVELOPMENT_TEAM = CGDWWS583F;
				INFOPLIST_FILE = SnapshotTest/Info.plist;
				LD_RUNPATH_SEARCH_PATHS = (
					"$(inherited)",
					"@executable_path/Frameworks",
					"@loader_path/Frameworks",
				);
				PRODUCT_BUNDLE_IDENTIFIER = "anton-incorporated.SnapshotTest";
				PRODUCT_NAME = "$(TARGET_NAME)";
				SWIFT_VERSION = 5.0;
				TARGETED_DEVICE_FAMILY = "1,2";
				TEST_HOST = "$(BUILT_PRODUCTS_DIR)/FinalProject.app/FinalProject";
			};
			name = Release;
		};
/* End XCBuildConfiguration section */

/* Begin XCConfigurationList section */
		84133A802687F04500EACD6A /* Build configuration list for PBXProject "FinalProject" */ = {
			isa = XCConfigurationList;
			buildConfigurations = (
				84133AB02687F04900EACD6A /* Debug */,
				84133AB12687F04900EACD6A /* Release */,
			);
			defaultConfigurationIsVisible = 0;
			defaultConfigurationName = Release;
		};
		84133AB22687F04900EACD6A /* Build configuration list for PBXNativeTarget "FinalProject" */ = {
			isa = XCConfigurationList;
			buildConfigurations = (
				84133AB32687F04900EACD6A /* Debug */,
				84133AB42687F04900EACD6A /* Release */,
			);
			defaultConfigurationIsVisible = 0;
			defaultConfigurationName = Release;
		};
		84133AB52687F04900EACD6A /* Build configuration list for PBXNativeTarget "FinalProjectTests" */ = {
			isa = XCConfigurationList;
			buildConfigurations = (
				84133AB62687F04900EACD6A /* Debug */,
				84133AB72687F04900EACD6A /* Release */,
			);
			defaultConfigurationIsVisible = 0;
			defaultConfigurationName = Release;
		};
		84133AB82687F04900EACD6A /* Build configuration list for PBXNativeTarget "FinalProjectUITests" */ = {
			isa = XCConfigurationList;
			buildConfigurations = (
				84133AB92687F04900EACD6A /* Debug */,
				84133ABA2687F04900EACD6A /* Release */,
			);
			defaultConfigurationIsVisible = 0;
			defaultConfigurationName = Release;
		};
		84284F5026B3131A002766CA /* Build configuration list for PBXNativeTarget "SnapshotTest" */ = {
			isa = XCConfigurationList;
			buildConfigurations = (
				84284F4E26B3131A002766CA /* Debug */,
				84284F4F26B3131A002766CA /* Release */,
			);
			defaultConfigurationIsVisible = 0;
			defaultConfigurationName = Release;
		};
/* End XCConfigurationList section */

/* Begin XCRemoteSwiftPackageReference section */
		84284F5C26B3162F002766CA /* XCRemoteSwiftPackageReference "swift-snapshot-testing" */ = {
			isa = XCRemoteSwiftPackageReference;
			repositoryURL = "https://github.com/pointfreeco/swift-snapshot-testing";
			requirement = {
				kind = upToNextMajorVersion;
				minimumVersion = 1.9.0;
			};
		};
/* End XCRemoteSwiftPackageReference section */

/* Begin XCSwiftPackageProductDependency section */
		84284F5D26B3162F002766CA /* SnapshotTesting */ = {
			isa = XCSwiftPackageProductDependency;
			package = 84284F5C26B3162F002766CA /* XCRemoteSwiftPackageReference "swift-snapshot-testing" */;
			productName = SnapshotTesting;
		};
/* End XCSwiftPackageProductDependency section */

/* Begin XCVersionGroup section */
		84133A912687F04500EACD6A /* FinalProject.xcdatamodeld */ = {
			isa = XCVersionGroup;
			children = (
				84133A922687F04500EACD6A /* FinalProject.xcdatamodel */,
			);
			currentVersion = 84133A922687F04500EACD6A /* FinalProject.xcdatamodel */;
			path = FinalProject.xcdatamodeld;
			sourceTree = "<group>";
			versionGroupType = wrapper.xcdatamodel;
		};
/* End XCVersionGroup section */
	};
	rootObject = 84133A7D2687F04500EACD6A /* Project object */;
}
